// !$*UTF8*$!
{
	archiveVersion = 1;
	classes = {
	};
	objectVersion = 45;
	objects = {

/* Begin PBXBuildFile section */
		1D3623260D0F684500981E51 /* FingerTwistAppDelegate.m in Sources */ = {isa = PBXBuildFile; fileRef = 1D3623250D0F684500981E51 /* FingerTwistAppDelegate.m */; };
		1D60589F0D05DD5A006BFB54 /* Foundation.framework in Frameworks */ = {isa = PBXBuildFile; fileRef = 1D30AB110D05D00D00671497 /* Foundation.framework */; };
		1DF5F4E00D08C38300B7A737 /* UIKit.framework in Frameworks */ = {isa = PBXBuildFile; fileRef = 1DF5F4DF0D08C38300B7A737 /* UIKit.framework */; };
		28AD733F0D9D9553002E5188 /* MainWindow.xib in Resources */ = {isa = PBXBuildFile; fileRef = 28AD733E0D9D9553002E5188 /* MainWindow.xib */; };
		844B79860E6393D50030D844 /* Icon.png in Resources */ = {isa = PBXBuildFile; fileRef = 844B79830E6393D50030D844 /* Icon.png */; };
		846281440E651F8000E84A4E /* MainMenuView.xib in Resources */ = {isa = PBXBuildFile; fileRef = 846281430E651F8000E84A4E /* MainMenuView.xib */; };
		846281470E651FAF00E84A4E /* MainMenuView.m in Sources */ = {isa = PBXBuildFile; fileRef = 846281450E651FAF00E84A4E /* MainMenuView.m */; };
		846655BC0E65AE9A0036DBA7 /* HighScoreView.m in Sources */ = {isa = PBXBuildFile; fileRef = 846655B80E65AE9A0036DBA7 /* HighScoreView.m */; };
		846655BD0E65AE9A0036DBA7 /* CreaditView.m in Sources */ = {isa = PBXBuildFile; fileRef = 846655BA0E65AE9A0036DBA7 /* CreaditView.m */; };
		846655C70E65AF520036DBA7 /* HighScoreView.xib in Resources */ = {isa = PBXBuildFile; fileRef = 846655C50E65AF520036DBA7 /* HighScoreView.xib */; };
		846655C80E65AF520036DBA7 /* CreaditView.xib in Resources */ = {isa = PBXBuildFile; fileRef = 846655C60E65AF520036DBA7 /* CreaditView.xib */; };
		8466AC430E691FCE00A6F8D6 /* main.m in Sources */ = {isa = PBXBuildFile; fileRef = 8466AC420E691FCE00A6F8D6 /* main.m */; };
		84680FCE0E6B62E1002B71E0 /* GameView1P.m in Sources */ = {isa = PBXBuildFile; fileRef = 84680FCC0E6B62E1002B71E0 /* GameView1P.m */; };
		84680FD20E6B62F8002B71E0 /* GameView1P.xib in Resources */ = {isa = PBXBuildFile; fileRef = 84680FD10E6B62F8002B71E0 /* GameView1P.xib */; };
		84680FF10E6B6387002B71E0 /* GameView2P.xib in Resources */ = {isa = PBXBuildFile; fileRef = 84680FF00E6B6387002B71E0 /* GameView2P.xib */; };
		84680FF40E6B63B3002B71E0 /* GameView2P.m in Sources */ = {isa = PBXBuildFile; fileRef = 84680FF30E6B63B3002B71E0 /* GameView2P.m */; };
		846A3E3F0E63A23800579FC7 /* TeamLogoView.xib in Resources */ = {isa = PBXBuildFile; fileRef = 846A3E3E0E63A23800579FC7 /* TeamLogoView.xib */; };
		846A3E430E63A2B900579FC7 /* TeamLogoView.m in Sources */ = {isa = PBXBuildFile; fileRef = 846A3E410E63A2B900579FC7 /* TeamLogoView.m */; };
		846A3F370E63A96500579FC7 /* Default.png in Resources */ = {isa = PBXBuildFile; fileRef = 846A3F360E63A96500579FC7 /* Default.png */; };
		846A6E490E63EA2800752C96 /* GameLogoView.m in Sources */ = {isa = PBXBuildFile; fileRef = 846A6E480E63EA2800752C96 /* GameLogoView.m */; };
		846A6E4B0E63EA6000752C96 /* GameLogoView.xib in Resources */ = {isa = PBXBuildFile; fileRef = 846A6E4A0E63EA6000752C96 /* GameLogoView.xib */; };
		846D78EA0E69017800B050B9 /* BaseView.m in Sources */ = {isa = PBXBuildFile; fileRef = 846D78E50E69017800B050B9 /* BaseView.m */; };
		846D78EB0E69017800B050B9 /* HighScoreManager.m in Sources */ = {isa = PBXBuildFile; fileRef = 846D78E70E69017800B050B9 /* HighScoreManager.m */; };
		846D78EC0E69017800B050B9 /* ViewManager.m in Sources */ = {isa = PBXBuildFile; fileRef = 846D78E90E69017800B050B9 /* ViewManager.m */; };
		846D8DD40E6AF61600565678 /* point.png in Resources */ = {isa = PBXBuildFile; fileRef = 846D8DD20E6AF61600565678 /* point.png */; };
		846D8DE00E6AF67500565678 /* HighScoreBoard.xib in Resources */ = {isa = PBXBuildFile; fileRef = 846D8DDF0E6AF67500565678 /* HighScoreBoard.xib */; };
		846D8DE30E6AF6B900565678 /* HighScoreBoard.m in Sources */ = {isa = PBXBuildFile; fileRef = 846D8DE10E6AF6B900565678 /* HighScoreBoard.m */; };
		846D8DF10E6AFA7D00565678 /* TouchPoint.m in Sources */ = {isa = PBXBuildFile; fileRef = 846D8DEF0E6AFA7D00565678 /* TouchPoint.m */; };
		846D8E070E6AFA9A00565678 /* TouchPoint.xib in Resources */ = {isa = PBXBuildFile; fileRef = 846D8E060E6AFA9A00565678 /* TouchPoint.xib */; };
		848BCD480E68D8EF00D7F769 /* oink.png in Resources */ = {isa = PBXBuildFile; fileRef = 848BCD470E68D8EF00D7F769 /* oink.png */; };
		84D1A7AE0E68C40200E77675 /* Placard.png in Resources */ = {isa = PBXBuildFile; fileRef = 84D1A7AA0E68C40200E77675 /* Placard.png */; };
		84D1A7AF0E68C40200E77675 /* GameLogo.png in Resources */ = {isa = PBXBuildFile; fileRef = 84D1A7AB0E68C40200E77675 /* GameLogo.png */; };
/* End PBXBuildFile section */

/* Begin PBXFileReference section */
		1D30AB110D05D00D00671497 /* Foundation.framework */ = {isa = PBXFileReference; lastKnownFileType = wrapper.framework; name = Foundation.framework; path = System/Library/Frameworks/Foundation.framework; sourceTree = SDKROOT; };
		1D3623240D0F684500981E51 /* FingerTwistAppDelegate.h */ = {isa = PBXFileReference; fileEncoding = 4; lastKnownFileType = sourcecode.c.h; path = FingerTwistAppDelegate.h; sourceTree = "<group>"; };
		1D3623250D0F684500981E51 /* FingerTwistAppDelegate.m */ = {isa = PBXFileReference; fileEncoding = 4; lastKnownFileType = sourcecode.c.objc; path = FingerTwistAppDelegate.m; sourceTree = "<group>"; };
		1D6058910D05DD3D006BFB54 /* FingerTwist.app */ = {isa = PBXFileReference; explicitFileType = wrapper.application; includeInIndex = 0; path = FingerTwist.app; sourceTree = BUILT_PRODUCTS_DIR; };
		1DF5F4DF0D08C38300B7A737 /* UIKit.framework */ = {isa = PBXFileReference; lastKnownFileType = wrapper.framework; name = UIKit.framework; path = System/Library/Frameworks/UIKit.framework; sourceTree = SDKROOT; };
		28AD733E0D9D9553002E5188 /* MainWindow.xib */ = {isa = PBXFileReference; lastKnownFileType = file.xib; path = MainWindow.xib; sourceTree = "<group>"; };
		32CA4F630368D1EE00C91783 /* FingerTwist_Prefix.pch */ = {isa = PBXFileReference; fileEncoding = 4; lastKnownFileType = sourcecode.c.h; path = FingerTwist_Prefix.pch; sourceTree = "<group>"; };
		844B79830E6393D50030D844 /* Icon.png */ = {isa = PBXFileReference; lastKnownFileType = image.png; path = Icon.png; sourceTree = "<group>"; };
		846281430E651F8000E84A4E /* MainMenuView.xib */ = {isa = PBXFileReference; lastKnownFileType = file.xib; path = MainMenuView.xib; sourceTree = "<group>"; };
		846281450E651FAF00E84A4E /* MainMenuView.m */ = {isa = PBXFileReference; fileEncoding = 4; lastKnownFileType = sourcecode.c.objc; path = MainMenuView.m; sourceTree = "<group>"; };
		846281460E651FAF00E84A4E /* MainMenuView.h */ = {isa = PBXFileReference; fileEncoding = 4; lastKnownFileType = sourcecode.c.h; path = MainMenuView.h; sourceTree = "<group>"; };
		846655B80E65AE9A0036DBA7 /* HighScoreView.m */ = {isa = PBXFileReference; fileEncoding = 4; lastKnownFileType = sourcecode.c.objc; path = HighScoreView.m; sourceTree = "<group>"; };
		846655B90E65AE9A0036DBA7 /* HighScoreView.h */ = {isa = PBXFileReference; fileEncoding = 4; lastKnownFileType = sourcecode.c.h; path = HighScoreView.h; sourceTree = "<group>"; };
		846655BA0E65AE9A0036DBA7 /* CreaditView.m */ = {isa = PBXFileReference; fileEncoding = 4; lastKnownFileType = sourcecode.c.objc; path = CreaditView.m; sourceTree = "<group>"; };
		846655BB0E65AE9A0036DBA7 /* CreaditView.h */ = {isa = PBXFileReference; fileEncoding = 4; lastKnownFileType = sourcecode.c.h; path = CreaditView.h; sourceTree = "<group>"; };
		846655C50E65AF520036DBA7 /* HighScoreView.xib */ = {isa = PBXFileReference; lastKnownFileType = file.xib; path = HighScoreView.xib; sourceTree = "<group>"; };
		846655C60E65AF520036DBA7 /* CreaditView.xib */ = {isa = PBXFileReference; lastKnownFileType = file.xib; path = CreaditView.xib; sourceTree = "<group>"; };
		8466AC420E691FCE00A6F8D6 /* main.m */ = {isa = PBXFileReference; fileEncoding = 4; lastKnownFileType = sourcecode.c.objc; path = main.m; sourceTree = "<group>"; };
		84680FCC0E6B62E1002B71E0 /* GameView1P.m */ = {isa = PBXFileReference; fileEncoding = 4; lastKnownFileType = sourcecode.c.objc; path = GameView1P.m; sourceTree = "<group>"; };
		84680FCD0E6B62E1002B71E0 /* GameView1P.h */ = {isa = PBXFileReference; fileEncoding = 4; lastKnownFileType = sourcecode.c.h; path = GameView1P.h; sourceTree = "<group>"; };
		84680FD10E6B62F8002B71E0 /* GameView1P.xib */ = {isa = PBXFileReference; lastKnownFileType = file.xib; path = GameView1P.xib; sourceTree = "<group>"; };
		84680FF00E6B6387002B71E0 /* GameView2P.xib */ = {isa = PBXFileReference; lastKnownFileType = file.xib; path = GameView2P.xib; sourceTree = "<group>"; };
		84680FF20E6B63B3002B71E0 /* GameView2P.h */ = {isa = PBXFileReference; fileEncoding = 4; lastKnownFileType = sourcecode.c.h; path = GameView2P.h; sourceTree = "<group>"; };
		84680FF30E6B63B3002B71E0 /* GameView2P.m */ = {isa = PBXFileReference; fileEncoding = 4; lastKnownFileType = sourcecode.c.objc; path = GameView2P.m; sourceTree = "<group>"; };
		846A3E3E0E63A23800579FC7 /* TeamLogoView.xib */ = {isa = PBXFileReference; lastKnownFileType = file.xib; path = TeamLogoView.xib; sourceTree = "<group>"; };
		846A3E410E63A2B900579FC7 /* TeamLogoView.m */ = {isa = PBXFileReference; fileEncoding = 4; lastKnownFileType = sourcecode.c.objc; path = TeamLogoView.m; sourceTree = "<group>"; };
		846A3E420E63A2B900579FC7 /* TeamLogoView.h */ = {isa = PBXFileReference; fileEncoding = 4; lastKnownFileType = sourcecode.c.h; path = TeamLogoView.h; sourceTree = "<group>"; };
		846A3F360E63A96500579FC7 /* Default.png */ = {isa = PBXFileReference; lastKnownFileType = image.png; path = Default.png; sourceTree = "<group>"; };
		846A6E470E63EA2800752C96 /* GameLogoView.h */ = {isa = PBXFileReference; fileEncoding = 4; lastKnownFileType = sourcecode.c.h; path = GameLogoView.h; sourceTree = "<group>"; };
		846A6E480E63EA2800752C96 /* GameLogoView.m */ = {isa = PBXFileReference; fileEncoding = 4; lastKnownFileType = sourcecode.c.objc; path = GameLogoView.m; sourceTree = "<group>"; };
		846A6E4A0E63EA6000752C96 /* GameLogoView.xib */ = {isa = PBXFileReference; lastKnownFileType = file.xib; path = GameLogoView.xib; sourceTree = "<group>"; };
		846D78E40E69017800B050B9 /* BaseView.h */ = {isa = PBXFileReference; fileEncoding = 4; lastKnownFileType = sourcecode.c.h; name = BaseView.h; path = BaseClasses/BaseView.h; sourceTree = SOURCE_ROOT; };
		846D78E50E69017800B050B9 /* BaseView.m */ = {isa = PBXFileReference; fileEncoding = 4; lastKnownFileType = sourcecode.c.objc; name = BaseView.m; path = BaseClasses/BaseView.m; sourceTree = SOURCE_ROOT; };
		846D78E60E69017800B050B9 /* HighScoreManager.h */ = {isa = PBXFileReference; fileEncoding = 4; lastKnownFileType = sourcecode.c.h; name = HighScoreManager.h; path = BaseClasses/HighScoreManager.h; sourceTree = SOURCE_ROOT; };
		846D78E70E69017800B050B9 /* HighScoreManager.m */ = {isa = PBXFileReference; fileEncoding = 4; lastKnownFileType = sourcecode.c.objc; name = HighScoreManager.m; path = BaseClasses/HighScoreManager.m; sourceTree = SOURCE_ROOT; };
		846D78E80E69017800B050B9 /* ViewManager.h */ = {isa = PBXFileReference; fileEncoding = 4; lastKnownFileType = sourcecode.c.h; name = ViewManager.h; path = BaseClasses/ViewManager.h; sourceTree = SOURCE_ROOT; };
		846D78E90E69017800B050B9 /* ViewManager.m */ = {isa = PBXFileReference; fileEncoding = 4; lastKnownFileType = sourcecode.c.objc; name = ViewManager.m; path = BaseClasses/ViewManager.m; sourceTree = SOURCE_ROOT; };
		846D8DD20E6AF61600565678 /* point.png */ = {isa = PBXFileReference; lastKnownFileType = image.png; name = point.png; path = Graphic/point.png; sourceTree = "<group>"; };
		846D8DDF0E6AF67500565678 /* HighScoreBoard.xib */ = {isa = PBXFileReference; lastKnownFileType = file.xib; path = HighScoreBoard.xib; sourceTree = "<group>"; };
		846D8DE10E6AF6B900565678 /* HighScoreBoard.m */ = {isa = PBXFileReference; fileEncoding = 4; lastKnownFileType = sourcecode.c.objc; name = HighScoreBoard.m; path = Classes/HighScoreBoard.m; sourceTree = "<group>"; };
		846D8DE20E6AF6B900565678 /* HighScoreBoard.h */ = {isa = PBXFileReference; fileEncoding = 4; lastKnownFileType = sourcecode.c.h; name = HighScoreBoard.h; path = Classes/HighScoreBoard.h; sourceTree = "<group>"; };
		846D8DEF0E6AFA7D00565678 /* TouchPoint.m */ = {isa = PBXFileReference; fileEncoding = 4; lastKnownFileType = sourcecode.c.objc; name = TouchPoint.m; path = Classes/TouchPoint.m; sourceTree = "<group>"; };
		846D8DF00E6AFA7D00565678 /* TouchPoint.h */ = {isa = PBXFileReference; fileEncoding = 4; lastKnownFileType = sourcecode.c.h; name = TouchPoint.h; path = Classes/TouchPoint.h; sourceTree = "<group>"; };
		846D8E060E6AFA9A00565678 /* TouchPoint.xib */ = {isa = PBXFileReference; lastKnownFileType = file.xib; path = TouchPoint.xib; sourceTree = "<group>"; };
		848BCD470E68D8EF00D7F769 /* oink.png */ = {isa = PBXFileReference; lastKnownFileType = image.png; name = oink.png; path = Graphic/oink.png; sourceTree = "<group>"; };
		84D1A7AA0E68C40200E77675 /* Placard.png */ = {isa = PBXFileReference; lastKnownFileType = image.png; name = Placard.png; path = Graphic/Placard.png; sourceTree = "<group>"; };
		84D1A7AB0E68C40200E77675 /* GameLogo.png */ = {isa = PBXFileReference; lastKnownFileType = image.png; name = GameLogo.png; path = Graphic/GameLogo.png; sourceTree = "<group>"; };
		8D1107310486CEB800E47090 /* Info.plist */ = {isa = PBXFileReference; fileEncoding = 4; lastKnownFileType = text.plist.xml; path = Info.plist; sourceTree = "<group>"; };
/* End PBXFileReference section */

/* Begin PBXFrameworksBuildPhase section */
		1D60588F0D05DD3D006BFB54 /* Frameworks */ = {
			isa = PBXFrameworksBuildPhase;
			buildActionMask = 2147483647;
			files = (
				1D60589F0D05DD5A006BFB54 /* Foundation.framework in Frameworks */,
				1DF5F4E00D08C38300B7A737 /* UIKit.framework in Frameworks */,
			);
			runOnlyForDeploymentPostprocessing = 0;
		};
/* End PBXFrameworksBuildPhase section */

/* Begin PBXGroup section */
		080E96DDFE201D6D7F000001 /* Classes */ = {
			isa = PBXGroup;
			children = (
				84677B0D0E66F6ED00239587 /* StageView */,
				846655C30E65AEA90036DBA7 /* Views */,
				1D3623240D0F684500981E51 /* FingerTwistAppDelegate.h */,
				1D3623250D0F684500981E51 /* FingerTwistAppDelegate.m */,
			);
			path = Classes;
			sourceTree = "<group>";
		};
		19C28FACFE9D520D11CA2CBB /* Products */ = {
			isa = PBXGroup;
			children = (
				1D6058910D05DD3D006BFB54 /* FingerTwist.app */,
			);
			name = Products;
			sourceTree = "<group>";
		};
		29B97314FDCFA39411CA2CEA /* CustomTemplate */ = {
			isa = PBXGroup;
			children = (
				846A6D0E0E63D8F200752C96 /* BaseClass */,
				080E96DDFE201D6D7F000001 /* Classes */,
				29B97315FDCFA39411CA2CEA /* Other Sources */,
				29B97317FDCFA39411CA2CEA /* Resources */,
				29B97323FDCFA39411CA2CEA /* Frameworks */,
				19C28FACFE9D520D11CA2CBB /* Products */,
			);
			name = CustomTemplate;
			sourceTree = "<group>";
		};
		29B97315FDCFA39411CA2CEA /* Other Sources */ = {
			isa = PBXGroup;
			children = (
				32CA4F630368D1EE00C91783 /* FingerTwist_Prefix.pch */,
				8466AC420E691FCE00A6F8D6 /* main.m */,
			);
			name = "Other Sources";
			sourceTree = "<group>";
		};
		29B97317FDCFA39411CA2CEA /* Resources */ = {
			isa = PBXGroup;
			children = (
				84D1A79D0E68C3B500E77675 /* Xib */,
				84D1A79C0E68C3AB00E77675 /* Graphic */,
				844B79830E6393D50030D844 /* Icon.png */,
				846A3F360E63A96500579FC7 /* Default.png */,
				28AD733E0D9D9553002E5188 /* MainWindow.xib */,
				8D1107310486CEB800E47090 /* Info.plist */,
			);
			name = Resources;
			sourceTree = "<group>";
		};
		29B97323FDCFA39411CA2CEA /* Frameworks */ = {
			isa = PBXGroup;
			children = (
				1DF5F4DF0D08C38300B7A737 /* UIKit.framework */,
				1D30AB110D05D00D00671497 /* Foundation.framework */,
			);
			name = Frameworks;
			sourceTree = "<group>";
		};
		846655C30E65AEA90036DBA7 /* Views */ = {
			isa = PBXGroup;
			children = (
				846D8DE10E6AF6B900565678 /* HighScoreBoard.m */,
				846D8DE20E6AF6B900565678 /* HighScoreBoard.h */,
				846D8DEF0E6AFA7D00565678 /* TouchPoint.m */,
				846D8DF00E6AFA7D00565678 /* TouchPoint.h */,
			);
			name = Views;
			path = ..;
			sourceTree = "<group>";
		};
		84677B0D0E66F6ED00239587 /* StageView */ = {
			isa = PBXGroup;
			children = (
				846655B80E65AE9A0036DBA7 /* HighScoreView.m */,
				846655B90E65AE9A0036DBA7 /* HighScoreView.h */,
				846655BA0E65AE9A0036DBA7 /* CreaditView.m */,
				846655BB0E65AE9A0036DBA7 /* CreaditView.h */,
				846281450E651FAF00E84A4E /* MainMenuView.m */,
				846281460E651FAF00E84A4E /* MainMenuView.h */,
				846A6E480E63EA2800752C96 /* GameLogoView.m */,
				846A6E470E63EA2800752C96 /* GameLogoView.h */,
				846A3E410E63A2B900579FC7 /* TeamLogoView.m */,
				846A3E420E63A2B900579FC7 /* TeamLogoView.h */,
				84680FCC0E6B62E1002B71E0 /* GameView1P.m */,
				84680FCD0E6B62E1002B71E0 /* GameView1P.h */,
				84680FF30E6B63B3002B71E0 /* GameView2P.m */,
				84680FF20E6B63B3002B71E0 /* GameView2P.h */,
			);
			name = StageView;
			sourceTree = "<group>";
		};
		846A6D0E0E63D8F200752C96 /* BaseClass */ = {
			isa = PBXGroup;
			children = (
				846D78E40E69017800B050B9 /* BaseView.h */,
				846D78E50E69017800B050B9 /* BaseView.m */,
				846D78E60E69017800B050B9 /* HighScoreManager.h */,
				846D78E70E69017800B050B9 /* HighScoreManager.m */,
				846D78E80E69017800B050B9 /* ViewManager.h */,
				846D78E90E69017800B050B9 /* ViewManager.m */,
			);
			name = BaseClass;
			path = Classes;
			sourceTree = "<group>";
		};
		84D1A79C0E68C3AB00E77675 /* Graphic */ = {
			isa = PBXGroup;
			children = (
				84D1A7AA0E68C40200E77675 /* Placard.png */,
				84D1A7AB0E68C40200E77675 /* GameLogo.png */,
				848BCD470E68D8EF00D7F769 /* oink.png */,
				846D8DD20E6AF61600565678 /* point.png */,
			);
			name = Graphic;
			sourceTree = "<group>";
		};
		84D1A79D0E68C3B500E77675 /* Xib */ = {
			isa = PBXGroup;
			children = (
				846A3E3E0E63A23800579FC7 /* TeamLogoView.xib */,
				846655C60E65AF520036DBA7 /* CreaditView.xib */,
				846655C50E65AF520036DBA7 /* HighScoreView.xib */,
				846281430E651F8000E84A4E /* MainMenuView.xib */,
				846A6E4A0E63EA6000752C96 /* GameLogoView.xib */,
				846D8DDF0E6AF67500565678 /* HighScoreBoard.xib */,
				846D8E060E6AFA9A00565678 /* TouchPoint.xib */,
				84680FD10E6B62F8002B71E0 /* GameView1P.xib */,
				84680FF00E6B6387002B71E0 /* GameView2P.xib */,
			);
			name = Xib;
			sourceTree = "<group>";
		};
/* End PBXGroup section */

/* Begin PBXNativeTarget section */
		1D6058900D05DD3D006BFB54 /* FingerTwist */ = {
			isa = PBXNativeTarget;
			buildConfigurationList = 1D6058960D05DD3E006BFB54 /* Build configuration list for PBXNativeTarget "FingerTwist" */;
			buildPhases = (
				1D60588D0D05DD3D006BFB54 /* Resources */,
				1D60588E0D05DD3D006BFB54 /* Sources */,
				1D60588F0D05DD3D006BFB54 /* Frameworks */,
			);
			buildRules = (
			);
			dependencies = (
			);
			name = FingerTwist;
			productName = FingerTwist;
			productReference = 1D6058910D05DD3D006BFB54 /* FingerTwist.app */;
			productType = "com.apple.product-type.application";
		};
/* End PBXNativeTarget section */

/* Begin PBXProject section */
		29B97313FDCFA39411CA2CEA /* Project object */ = {
			isa = PBXProject;
			buildConfigurationList = C01FCF4E08A954540054247B /* Build configuration list for PBXProject "FingerTwist" */;
			compatibilityVersion = "Xcode 3.1";
			hasScannedForEncodings = 1;
			mainGroup = 29B97314FDCFA39411CA2CEA /* CustomTemplate */;
			projectDirPath = "";
			projectRoot = "";
			targets = (
				1D6058900D05DD3D006BFB54 /* FingerTwist */,
			);
		};
/* End PBXProject section */

/* Begin PBXResourcesBuildPhase section */
		1D60588D0D05DD3D006BFB54 /* Resources */ = {
			isa = PBXResourcesBuildPhase;
			buildActionMask = 2147483647;
			files = (
				28AD733F0D9D9553002E5188 /* MainWindow.xib in Resources */,
				844B79860E6393D50030D844 /* Icon.png in Resources */,
				846A3E3F0E63A23800579FC7 /* TeamLogoView.xib in Resources */,
				846A3F370E63A96500579FC7 /* Default.png in Resources */,
				846A6E4B0E63EA6000752C96 /* GameLogoView.xib in Resources */,
				846281440E651F8000E84A4E /* MainMenuView.xib in Resources */,
				846655C70E65AF520036DBA7 /* HighScoreView.xib in Resources */,
				846655C80E65AF520036DBA7 /* CreaditView.xib in Resources */,
				84D1A7AE0E68C40200E77675 /* Placard.png in Resources */,
				84D1A7AF0E68C40200E77675 /* GameLogo.png in Resources */,
				848BCD480E68D8EF00D7F769 /* oink.png in Resources */,
				846D8DD40E6AF61600565678 /* point.png in Resources */,
				846D8DE00E6AF67500565678 /* HighScoreBoard.xib in Resources */,
				846D8E070E6AFA9A00565678 /* TouchPoint.xib in Resources */,
				84680FD20E6B62F8002B71E0 /* GameView1P.xib in Resources */,
				84680FF10E6B6387002B71E0 /* GameView2P.xib in Resources */,
			);
			runOnlyForDeploymentPostprocessing = 0;
		};
/* End PBXResourcesBuildPhase section */

/* Begin PBXSourcesBuildPhase section */
		1D60588E0D05DD3D006BFB54 /* Sources */ = {
			isa = PBXSourcesBuildPhase;
			buildActionMask = 2147483647;
			files = (
				1D3623260D0F684500981E51 /* FingerTwistAppDelegate.m in Sources */,
				846A3E430E63A2B900579FC7 /* TeamLogoView.m in Sources */,
				846A6E490E63EA2800752C96 /* GameLogoView.m in Sources */,
				846281470E651FAF00E84A4E /* MainMenuView.m in Sources */,
				846655BC0E65AE9A0036DBA7 /* HighScoreView.m in Sources */,
				846655BD0E65AE9A0036DBA7 /* CreaditView.m in Sources */,
				846D78EA0E69017800B050B9 /* BaseView.m in Sources */,
				846D78EB0E69017800B050B9 /* HighScoreManager.m in Sources */,
				846D78EC0E69017800B050B9 /* ViewManager.m in Sources */,
				8466AC430E691FCE00A6F8D6 /* main.m in Sources */,
				846D8DE30E6AF6B900565678 /* HighScoreBoard.m in Sources */,
				846D8DF10E6AFA7D00565678 /* TouchPoint.m in Sources */,
				84680FCE0E6B62E1002B71E0 /* GameView1P.m in Sources */,
				84680FF40E6B63B3002B71E0 /* GameView2P.m in Sources */,
			);
			runOnlyForDeploymentPostprocessing = 0;
		};
/* End PBXSourcesBuildPhase section */

/* Begin XCBuildConfiguration section */
		1D6058940D05DD3E006BFB54 /* Debug */ = {
			isa = XCBuildConfiguration;
			buildSettings = {
				ALWAYS_SEARCH_USER_PATHS = NO;
				COPY_PHASE_STRIP = NO;
				GCC_DYNAMIC_NO_PIC = NO;
				GCC_OPTIMIZATION_LEVEL = 0;
				GCC_PRECOMPILE_PREFIX_HEADER = YES;
				GCC_PREFIX_HEADER = FingerTwist_Prefix.pch;
				INFOPLIST_FILE = Info.plist;
				PRODUCT_NAME = FingerTwist;
			};
			name = Debug;
		};
		1D6058950D05DD3E006BFB54 /* Release */ = {
			isa = XCBuildConfiguration;
			buildSettings = {
				ALWAYS_SEARCH_USER_PATHS = NO;
				COPY_PHASE_STRIP = YES;
				GCC_PRECOMPILE_PREFIX_HEADER = YES;
				GCC_PREFIX_HEADER = FingerTwist_Prefix.pch;
				INFOPLIST_FILE = Info.plist;
				PRODUCT_NAME = FingerTwist;
			};
			name = Release;
		};
		C01FCF4F08A954540054247B /* Debug */ = {
			isa = XCBuildConfiguration;
			buildSettings = {
				ARCHS = "$(ARCHS_STANDARD_32_BIT)";
				"CODE_SIGN_IDENTITY[sdk=iphoneos*]" = "iPhone Developer";
				GCC_C_LANGUAGE_STANDARD = c99;
				GCC_WARN_ABOUT_RETURN_TYPE = YES;
				GCC_WARN_UNUSED_VARIABLE = YES;
				ONLY_ACTIVE_ARCH = YES;
				PREBINDING = NO;
				SDKROOT = iphoneos2.0;
			};
			name = Debug;
		};
		C01FCF5008A954540054247B /* Release */ = {
			isa = XCBuildConfiguration;
			buildSettings = {
				ARCHS = "$(ARCHS_STANDARD_32_BIT)";
				"CODE_SIGN_IDENTITY[sdk=iphoneos*]" = "iPhone Developer";
				GCC_C_LANGUAGE_STANDARD = c99;
				GCC_WARN_ABOUT_RETURN_TYPE = YES;
				GCC_WARN_UNUSED_VARIABLE = YES;
				PREBINDING = NO;
				SDKROOT = iphoneos2.0;
			};
			name = Release;
		};
/* End XCBuildConfiguration section */

/* Begin XCConfigurationList section */
		1D6058960D05DD3E006BFB54 /* Build configuration list for PBXNativeTarget "FingerTwist" */ = {
			isa = XCConfigurationList;
			buildConfigurations = (
				1D6058940D05DD3E006BFB54 /* Debug */,
				1D6058950D05DD3E006BFB54 /* Release */,
			);
			defaultConfigurationIsVisible = 0;
			defaultConfigurationName = Release;
		};
		C01FCF4E08A954540054247B /* Build configuration list for PBXProject "FingerTwist" */ = {
			isa = XCConfigurationList;
			buildConfigurations = (
				C01FCF4F08A954540054247B /* Debug */,
				C01FCF5008A954540054247B /* Release */,
			);
			defaultConfigurationIsVisible = 0;
			defaultConfigurationName = Release;
		};
/* End XCConfigurationList section */
	};
	rootObject = 29B97313FDCFA39411CA2CEA /* Project object */;
}
