// !$*UTF8*$!
{
	archiveVersion = 1;
	classes = {
	};
	objectVersion = 45;
	objects = {

/* Begin PBXBuildFile section */
		1D3623260D0F684500981E51 /* HalloweenAppDelegate.m in Sources */ = {isa = PBXBuildFile; fileRef = 1D3623250D0F684500981E51 /* HalloweenAppDelegate.m */; };
		1D60589B0D05DD56006BFB54 /* main.m in Sources */ = {isa = PBXBuildFile; fileRef = 29B97316FDCFA39411CA2CEA /* main.m */; };
		1D60589F0D05DD5A006BFB54 /* Foundation.framework in Frameworks */ = {isa = PBXBuildFile; fileRef = 1D30AB110D05D00D00671497 /* Foundation.framework */; };
		1DF5F4E00D08C38300B7A737 /* UIKit.framework in Frameworks */ = {isa = PBXBuildFile; fileRef = 1DF5F4DF0D08C38300B7A737 /* UIKit.framework */; };
		288765A50DF7441C002DB57D /* CoreGraphics.framework in Frameworks */ = {isa = PBXBuildFile; fileRef = 288765A40DF7441C002DB57D /* CoreGraphics.framework */; };
		2899E5220DE3E06400AC0155 /* HalloweenViewController.xib in Resources */ = {isa = PBXBuildFile; fileRef = 2899E5210DE3E06400AC0155 /* HalloweenViewController.xib */; };
		28AD733F0D9D9553002E5188 /* MainWindow.xib in Resources */ = {isa = PBXBuildFile; fileRef = 28AD733E0D9D9553002E5188 /* MainWindow.xib */; };
		28D7ACF80DDB3853001CB0EB /* HalloweenViewController.m in Sources */ = {isa = PBXBuildFile; fileRef = 28D7ACF70DDB3853001CB0EB /* HalloweenViewController.m */; };
		5617C2BE1531E8B600915AB5 /* gum0.png in Resources */ = {isa = PBXBuildFile; fileRef = 5617C2B81531E8B600915AB5 /* gum0.png */; };
		5617C2BF1531E8B600915AB5 /* gum1.png in Resources */ = {isa = PBXBuildFile; fileRef = 5617C2B91531E8B600915AB5 /* gum1.png */; };
		5617C2C01531E8B600915AB5 /* gum2.png in Resources */ = {isa = PBXBuildFile; fileRef = 5617C2BA1531E8B600915AB5 /* gum2.png */; };
		5617C2C11531E8B600915AB5 /* gum3.png in Resources */ = {isa = PBXBuildFile; fileRef = 5617C2BB1531E8B600915AB5 /* gum3.png */; };
		5617C2C21531E8B600915AB5 /* gum4.png in Resources */ = {isa = PBXBuildFile; fileRef = 5617C2BC1531E8B600915AB5 /* gum4.png */; };
		5617C2C31531E8B600915AB5 /* gum5.png in Resources */ = {isa = PBXBuildFile; fileRef = 5617C2BD1531E8B600915AB5 /* gum5.png */; };
		56BD836E152C8BB100FF4BA8 /* Box.xib in Resources */ = {isa = PBXBuildFile; fileRef = 56BD836D152C8BB100FF4BA8 /* Box.xib */; };
		56BD8371152C8C6600FF4BA8 /* Box.m in Sources */ = {isa = PBXBuildFile; fileRef = 56BD8370152C8C6600FF4BA8 /* Box.m */; };
		56C8C5491531DF2400F62F0C /* DefaultInfo.m in Sources */ = {isa = PBXBuildFile; fileRef = 56C8C5481531DF2300F62F0C /* DefaultInfo.m */; };
		842341931530BD7D00C3BC3E /* gum_pop_0_0.png in Resources */ = {isa = PBXBuildFile; fileRef = 8423416F1530BD7D00C3BC3E /* gum_pop_0_0.png */; };
		842341941530BD7D00C3BC3E /* gum_pop_0_1.png in Resources */ = {isa = PBXBuildFile; fileRef = 842341701530BD7D00C3BC3E /* gum_pop_0_1.png */; };
		842341951530BD7D00C3BC3E /* gum_pop_0_2.png in Resources */ = {isa = PBXBuildFile; fileRef = 842341711530BD7D00C3BC3E /* gum_pop_0_2.png */; };
		842341961530BD7D00C3BC3E /* gum_pop_0_3.png in Resources */ = {isa = PBXBuildFile; fileRef = 842341721530BD7D00C3BC3E /* gum_pop_0_3.png */; };
		842341971530BD7D00C3BC3E /* gum_pop_0_4.png in Resources */ = {isa = PBXBuildFile; fileRef = 842341731530BD7D00C3BC3E /* gum_pop_0_4.png */; };
		842341981530BD7D00C3BC3E /* gum_pop_0_5.png in Resources */ = {isa = PBXBuildFile; fileRef = 842341741530BD7D00C3BC3E /* gum_pop_0_5.png */; };
		842341991530BD7D00C3BC3E /* gum_pop_1_0.png in Resources */ = {isa = PBXBuildFile; fileRef = 842341751530BD7D00C3BC3E /* gum_pop_1_0.png */; };
		8423419A1530BD7D00C3BC3E /* gum_pop_1_1.png in Resources */ = {isa = PBXBuildFile; fileRef = 842341761530BD7D00C3BC3E /* gum_pop_1_1.png */; };
		8423419B1530BD7D00C3BC3E /* gum_pop_1_2.png in Resources */ = {isa = PBXBuildFile; fileRef = 842341771530BD7D00C3BC3E /* gum_pop_1_2.png */; };
		8423419C1530BD7D00C3BC3E /* gum_pop_1_3.png in Resources */ = {isa = PBXBuildFile; fileRef = 842341781530BD7D00C3BC3E /* gum_pop_1_3.png */; };
		8423419D1530BD7D00C3BC3E /* gum_pop_1_4.png in Resources */ = {isa = PBXBuildFile; fileRef = 842341791530BD7D00C3BC3E /* gum_pop_1_4.png */; };
		8423419E1530BD7D00C3BC3E /* gum_pop_1_5.png in Resources */ = {isa = PBXBuildFile; fileRef = 8423417A1530BD7D00C3BC3E /* gum_pop_1_5.png */; };
		8423419F1530BD7D00C3BC3E /* gum_pop_2_0.png in Resources */ = {isa = PBXBuildFile; fileRef = 8423417B1530BD7D00C3BC3E /* gum_pop_2_0.png */; };
		842341A01530BD7D00C3BC3E /* gum_pop_2_1.png in Resources */ = {isa = PBXBuildFile; fileRef = 8423417C1530BD7D00C3BC3E /* gum_pop_2_1.png */; };
		842341A11530BD7D00C3BC3E /* gum_pop_2_2.png in Resources */ = {isa = PBXBuildFile; fileRef = 8423417D1530BD7D00C3BC3E /* gum_pop_2_2.png */; };
		842341A21530BD7D00C3BC3E /* gum_pop_2_3.png in Resources */ = {isa = PBXBuildFile; fileRef = 8423417E1530BD7D00C3BC3E /* gum_pop_2_3.png */; };
		842341A31530BD7D00C3BC3E /* gum_pop_2_4.png in Resources */ = {isa = PBXBuildFile; fileRef = 8423417F1530BD7D00C3BC3E /* gum_pop_2_4.png */; };
		842341A41530BD7D00C3BC3E /* gum_pop_2_5.png in Resources */ = {isa = PBXBuildFile; fileRef = 842341801530BD7D00C3BC3E /* gum_pop_2_5.png */; };
		842341A51530BD7D00C3BC3E /* gum_pop_3_0.png in Resources */ = {isa = PBXBuildFile; fileRef = 842341811530BD7D00C3BC3E /* gum_pop_3_0.png */; };
		842341A61530BD7D00C3BC3E /* gum_pop_3_1.png in Resources */ = {isa = PBXBuildFile; fileRef = 842341821530BD7D00C3BC3E /* gum_pop_3_1.png */; };
		842341A71530BD7D00C3BC3E /* gum_pop_3_2.png in Resources */ = {isa = PBXBuildFile; fileRef = 842341831530BD7D00C3BC3E /* gum_pop_3_2.png */; };
		842341A81530BD7D00C3BC3E /* gum_pop_3_3.png in Resources */ = {isa = PBXBuildFile; fileRef = 842341841530BD7D00C3BC3E /* gum_pop_3_3.png */; };
		842341A91530BD7D00C3BC3E /* gum_pop_3_4.png in Resources */ = {isa = PBXBuildFile; fileRef = 842341851530BD7D00C3BC3E /* gum_pop_3_4.png */; };
		842341AA1530BD7D00C3BC3E /* gum_pop_3_5.png in Resources */ = {isa = PBXBuildFile; fileRef = 842341861530BD7D00C3BC3E /* gum_pop_3_5.png */; };
		842341AB1530BD7D00C3BC3E /* gum_pop_4_0.png in Resources */ = {isa = PBXBuildFile; fileRef = 842341871530BD7D00C3BC3E /* gum_pop_4_0.png */; };
		842341AC1530BD7D00C3BC3E /* gum_pop_4_1.png in Resources */ = {isa = PBXBuildFile; fileRef = 842341881530BD7D00C3BC3E /* gum_pop_4_1.png */; };
		842341AD1530BD7D00C3BC3E /* gum_pop_4_2.png in Resources */ = {isa = PBXBuildFile; fileRef = 842341891530BD7D00C3BC3E /* gum_pop_4_2.png */; };
		842341AE1530BD7D00C3BC3E /* gum_pop_4_3.png in Resources */ = {isa = PBXBuildFile; fileRef = 8423418A1530BD7D00C3BC3E /* gum_pop_4_3.png */; };
		842341AF1530BD7D00C3BC3E /* gum_pop_4_4.png in Resources */ = {isa = PBXBuildFile; fileRef = 8423418B1530BD7D00C3BC3E /* gum_pop_4_4.png */; };
		842341B01530BD7D00C3BC3E /* gum_pop_4_5.png in Resources */ = {isa = PBXBuildFile; fileRef = 8423418C1530BD7D00C3BC3E /* gum_pop_4_5.png */; };
		842341B11530BD7D00C3BC3E /* gum_pop_5_0.png in Resources */ = {isa = PBXBuildFile; fileRef = 8423418D1530BD7D00C3BC3E /* gum_pop_5_0.png */; };
		842341B21530BD7D00C3BC3E /* gum_pop_5_1.png in Resources */ = {isa = PBXBuildFile; fileRef = 8423418E1530BD7D00C3BC3E /* gum_pop_5_1.png */; };
		842341B31530BD7D00C3BC3E /* gum_pop_5_2.png in Resources */ = {isa = PBXBuildFile; fileRef = 8423418F1530BD7D00C3BC3E /* gum_pop_5_2.png */; };
		842341B41530BD7D00C3BC3E /* gum_pop_5_3.png in Resources */ = {isa = PBXBuildFile; fileRef = 842341901530BD7D00C3BC3E /* gum_pop_5_3.png */; };
		842341B51530BD7D00C3BC3E /* gum_pop_5_4.png in Resources */ = {isa = PBXBuildFile; fileRef = 842341911530BD7D00C3BC3E /* gum_pop_5_4.png */; };
		842341B61530BD7D00C3BC3E /* gum_pop_5_5.png in Resources */ = {isa = PBXBuildFile; fileRef = 842341921530BD7D00C3BC3E /* gum_pop_5_5.png */; };
		845E8ADE1526DA6D0016F910 /* AchieveManager.m in Sources */ = {isa = PBXBuildFile; fileRef = 845E8AC11526DA6D0016F910 /* AchieveManager.m */; };
		845E8ADF1526DA6D0016F910 /* BaseViewController.m in Sources */ = {isa = PBXBuildFile; fileRef = 845E8AC31526DA6D0016F910 /* BaseViewController.m */; };
		845E8AE01526DA6D0016F910 /* ErrorManager.m in Sources */ = {isa = PBXBuildFile; fileRef = 845E8AC51526DA6D0016F910 /* ErrorManager.m */; };
		845E8AE11526DA6D0016F910 /* FileIO.m in Sources */ = {isa = PBXBuildFile; fileRef = 845E8AC71526DA6D0016F910 /* FileIO.m */; };
		845E8AE21526DA6D0016F910 /* GOManager.m in Sources */ = {isa = PBXBuildFile; fileRef = 845E8AC91526DA6D0016F910 /* GOManager.m */; };
		845E8AE31526DA6D0016F910 /* HighScoreManager.m in Sources */ = {isa = PBXBuildFile; fileRef = 845E8ACB1526DA6D0016F910 /* HighScoreManager.m */; };
		845E8AE41526DA6D0016F910 /* Object.m in Sources */ = {isa = PBXBuildFile; fileRef = 845E8ACD1526DA6D0016F910 /* Object.m */; };
		845E8AE51526DA6D0016F910 /* PointManager.m in Sources */ = {isa = PBXBuildFile; fileRef = 845E8ACF1526DA6D0016F910 /* PointManager.m */; };
		845E8AE61526DA6D0016F910 /* SaveManager.m in Sources */ = {isa = PBXBuildFile; fileRef = 845E8AD11526DA6D0016F910 /* SaveManager.m */; };
		845E8AE71526DA6D0016F910 /* SoundEffect.m in Sources */ = {isa = PBXBuildFile; fileRef = 845E8AD31526DA6D0016F910 /* SoundEffect.m */; };
		845E8AE81526DA6D0016F910 /* SoundManager.m in Sources */ = {isa = PBXBuildFile; fileRef = 845E8AD51526DA6D0016F910 /* SoundManager.m */; };
		845E8AEA1526DA6D0016F910 /* StageManager.m in Sources */ = {isa = PBXBuildFile; fileRef = 845E8AD91526DA6D0016F910 /* StageManager.m */; };
		845E8AEB1526DA6D0016F910 /* TexManager.m in Sources */ = {isa = PBXBuildFile; fileRef = 845E8ADB1526DA6D0016F910 /* TexManager.m */; };
		845E8AEC1526DA6D0016F910 /* ViewManager.m in Sources */ = {isa = PBXBuildFile; fileRef = 845E8ADD1526DA6D0016F910 /* ViewManager.m */; };
		845E8B0D1526DAD50016F910 /* AudioToolbox.framework in Frameworks */ = {isa = PBXBuildFile; fileRef = 845E8B0C1526DAD50016F910 /* AudioToolbox.framework */; };
		8467D10A1526DD3B005BF6BC /* BackViewController.m in Sources */ = {isa = PBXBuildFile; fileRef = 8467D1051526DD3B005BF6BC /* BackViewController.m */; };
		8467D10B1526DD3B005BF6BC /* BackViewController.xib in Resources */ = {isa = PBXBuildFile; fileRef = 8467D1061526DD3B005BF6BC /* BackViewController.xib */; };
		8467D10C1526DD3B005BF6BC /* GameViewController.m in Sources */ = {isa = PBXBuildFile; fileRef = 8467D1081526DD3B005BF6BC /* GameViewController.m */; };
		8467D10D1526DD3B005BF6BC /* GameViewController.xib in Resources */ = {isa = PBXBuildFile; fileRef = 8467D1091526DD3B005BF6BC /* GameViewController.xib */; };
		8467D1281526E0AE005BF6BC /* Ghost.m in Sources */ = {isa = PBXBuildFile; fileRef = 8467D1261526E0AE005BF6BC /* Ghost.m */; };
		8467D1291526E0AE005BF6BC /* Ghost.xib in Resources */ = {isa = PBXBuildFile; fileRef = 8467D1271526E0AE005BF6BC /* Ghost.xib */; };
		849A20D9152A0C45005BCE24 /* ghost0_0.png in Resources */ = {isa = PBXBuildFile; fileRef = 849A20D5152A0C45005BCE24 /* ghost0_0.png */; };
		849A20DA152A0C45005BCE24 /* ghost0_1.png in Resources */ = {isa = PBXBuildFile; fileRef = 849A20D6152A0C45005BCE24 /* ghost0_1.png */; };
		849A20DB152A0C45005BCE24 /* ghost0_2.png in Resources */ = {isa = PBXBuildFile; fileRef = 849A20D7152A0C45005BCE24 /* ghost0_2.png */; };
		849A20DC152A0C45005BCE24 /* ghost0_3.png in Resources */ = {isa = PBXBuildFile; fileRef = 849A20D8152A0C45005BCE24 /* ghost0_3.png */; };
		849A2137152A0FD6005BCE24 /* Candy.m in Sources */ = {isa = PBXBuildFile; fileRef = 849A2135152A0FD6005BCE24 /* Candy.m */; };
		849A2138152A0FD6005BCE24 /* Candy.xib in Resources */ = {isa = PBXBuildFile; fileRef = 849A2136152A0FD6005BCE24 /* Candy.xib */; };
		849FFB04152DF63900F089F2 /* ghost1_0.png in Resources */ = {isa = PBXBuildFile; fileRef = 849FFB00152DF63900F089F2 /* ghost1_0.png */; };
		849FFB05152DF63900F089F2 /* ghost1_1.png in Resources */ = {isa = PBXBuildFile; fileRef = 849FFB01152DF63900F089F2 /* ghost1_1.png */; };
		849FFB06152DF63900F089F2 /* ghost1_2.png in Resources */ = {isa = PBXBuildFile; fileRef = 849FFB02152DF63900F089F2 /* ghost1_2.png */; };
		849FFB07152DF63900F089F2 /* ghost1_3.png in Resources */ = {isa = PBXBuildFile; fileRef = 849FFB03152DF63900F089F2 /* ghost1_3.png */; };
		849FFB0B152DF65A00F089F2 /* GhostSparta.m in Sources */ = {isa = PBXBuildFile; fileRef = 849FFB09152DF65A00F089F2 /* GhostSparta.m */; };
		849FFB0C152DF65A00F089F2 /* GhostSparta.xib in Resources */ = {isa = PBXBuildFile; fileRef = 849FFB0A152DF65A00F089F2 /* GhostSparta.xib */; };
		849FFB4E152DFBAA00F089F2 /* shield.png in Resources */ = {isa = PBXBuildFile; fileRef = 849FFB4D152DFBAA00F089F2 /* shield.png */; };
		84A5E7FB1528464300ABB02E /* back.png in Resources */ = {isa = PBXBuildFile; fileRef = 84A5E7E81528464300ABB02E /* back.png */; };
		84A5E7FC1528464300ABB02E /* box0.png in Resources */ = {isa = PBXBuildFile; fileRef = 84A5E7E91528464300ABB02E /* box0.png */; };
		84A5E7FD1528464300ABB02E /* box1.png in Resources */ = {isa = PBXBuildFile; fileRef = 84A5E7EA1528464300ABB02E /* box1.png */; };
		84A5E7FE1528464300ABB02E /* box2.png in Resources */ = {isa = PBXBuildFile; fileRef = 84A5E7EB1528464300ABB02E /* box2.png */; };
		84A5E7FF1528464300ABB02E /* candy0.png in Resources */ = {isa = PBXBuildFile; fileRef = 84A5E7EC1528464300ABB02E /* candy0.png */; };
		84A5E8001528464300ABB02E /* candy1.png in Resources */ = {isa = PBXBuildFile; fileRef = 84A5E7ED1528464300ABB02E /* candy1.png */; };
		84A5E8011528464300ABB02E /* candy2.png in Resources */ = {isa = PBXBuildFile; fileRef = 84A5E7EE1528464300ABB02E /* candy2.png */; };
		84A5E8021528464300ABB02E /* candy3.png in Resources */ = {isa = PBXBuildFile; fileRef = 84A5E7EF1528464300ABB02E /* candy3.png */; };
		84A5E8031528464300ABB02E /* candy4.png in Resources */ = {isa = PBXBuildFile; fileRef = 84A5E7F01528464300ABB02E /* candy4.png */; };
		84A5E8041528464300ABB02E /* candy5.png in Resources */ = {isa = PBXBuildFile; fileRef = 84A5E7F11528464300ABB02E /* candy5.png */; };
		84A5E8051528464300ABB02E /* candy6.png in Resources */ = {isa = PBXBuildFile; fileRef = 84A5E7F21528464300ABB02E /* candy6.png */; };
		84A5E80D1528464300ABB02E /* nozzle.png in Resources */ = {isa = PBXBuildFile; fileRef = 84A5E7FA1528464300ABB02E /* nozzle.png */; };
		84B933EA1530C3C000F4EAFF /* BoxGum.m in Sources */ = {isa = PBXBuildFile; fileRef = 84B933E81530C3C000F4EAFF /* BoxGum.m */; };
		84B933EB1530C3C000F4EAFF /* BoxGum.xib in Resources */ = {isa = PBXBuildFile; fileRef = 84B933E91530C3C000F4EAFF /* BoxGum.xib */; };
		84FB65E8152E045200E164E1 /* ghost2_0.png in Resources */ = {isa = PBXBuildFile; fileRef = 84FB65E4152E045200E164E1 /* ghost2_0.png */; };
		84FB65E9152E045200E164E1 /* ghost2_1.png in Resources */ = {isa = PBXBuildFile; fileRef = 84FB65E5152E045200E164E1 /* ghost2_1.png */; };
		84FB65EA152E045200E164E1 /* ghost2_2.png in Resources */ = {isa = PBXBuildFile; fileRef = 84FB65E6152E045200E164E1 /* ghost2_2.png */; };
		84FB65EB152E045200E164E1 /* ghost2_3.png in Resources */ = {isa = PBXBuildFile; fileRef = 84FB65E7152E045200E164E1 /* ghost2_3.png */; };
/* End PBXBuildFile section */

/* Begin PBXFileReference section */
		1D30AB110D05D00D00671497 /* Foundation.framework */ = {isa = PBXFileReference; lastKnownFileType = wrapper.framework; name = Foundation.framework; path = System/Library/Frameworks/Foundation.framework; sourceTree = SDKROOT; };
		1D3623240D0F684500981E51 /* HalloweenAppDelegate.h */ = {isa = PBXFileReference; fileEncoding = 4; lastKnownFileType = sourcecode.c.h; path = HalloweenAppDelegate.h; sourceTree = "<group>"; };
		1D3623250D0F684500981E51 /* HalloweenAppDelegate.m */ = {isa = PBXFileReference; fileEncoding = 4; lastKnownFileType = sourcecode.c.objc; path = HalloweenAppDelegate.m; sourceTree = "<group>"; };
		1D6058910D05DD3D006BFB54 /* Halloween.app */ = {isa = PBXFileReference; explicitFileType = wrapper.application; includeInIndex = 0; path = Halloween.app; sourceTree = BUILT_PRODUCTS_DIR; };
		1DF5F4DF0D08C38300B7A737 /* UIKit.framework */ = {isa = PBXFileReference; lastKnownFileType = wrapper.framework; name = UIKit.framework; path = System/Library/Frameworks/UIKit.framework; sourceTree = SDKROOT; };
		288765A40DF7441C002DB57D /* CoreGraphics.framework */ = {isa = PBXFileReference; lastKnownFileType = wrapper.framework; name = CoreGraphics.framework; path = System/Library/Frameworks/CoreGraphics.framework; sourceTree = SDKROOT; };
		2899E5210DE3E06400AC0155 /* HalloweenViewController.xib */ = {isa = PBXFileReference; lastKnownFileType = file.xib; path = HalloweenViewController.xib; sourceTree = "<group>"; };
		28AD733E0D9D9553002E5188 /* MainWindow.xib */ = {isa = PBXFileReference; lastKnownFileType = file.xib; path = MainWindow.xib; sourceTree = "<group>"; };
		28D7ACF60DDB3853001CB0EB /* HalloweenViewController.h */ = {isa = PBXFileReference; fileEncoding = 4; lastKnownFileType = sourcecode.c.h; path = HalloweenViewController.h; sourceTree = "<group>"; };
		28D7ACF70DDB3853001CB0EB /* HalloweenViewController.m */ = {isa = PBXFileReference; fileEncoding = 4; lastKnownFileType = sourcecode.c.objc; path = HalloweenViewController.m; sourceTree = "<group>"; };
		29B97316FDCFA39411CA2CEA /* main.m */ = {isa = PBXFileReference; fileEncoding = 4; lastKnownFileType = sourcecode.c.objc; path = main.m; sourceTree = "<group>"; };
		32CA4F630368D1EE00C91783 /* Halloween_Prefix.pch */ = {isa = PBXFileReference; fileEncoding = 4; lastKnownFileType = sourcecode.c.h; path = Halloween_Prefix.pch; sourceTree = "<group>"; };
		5617C2B81531E8B600915AB5 /* gum0.png */ = {isa = PBXFileReference; lastKnownFileType = image.png; path = gum0.png; sourceTree = "<group>"; };
		5617C2B91531E8B600915AB5 /* gum1.png */ = {isa = PBXFileReference; lastKnownFileType = image.png; path = gum1.png; sourceTree = "<group>"; };
		5617C2BA1531E8B600915AB5 /* gum2.png */ = {isa = PBXFileReference; lastKnownFileType = image.png; path = gum2.png; sourceTree = "<group>"; };
		5617C2BB1531E8B600915AB5 /* gum3.png */ = {isa = PBXFileReference; lastKnownFileType = image.png; path = gum3.png; sourceTree = "<group>"; };
		5617C2BC1531E8B600915AB5 /* gum4.png */ = {isa = PBXFileReference; lastKnownFileType = image.png; path = gum4.png; sourceTree = "<group>"; };
		5617C2BD1531E8B600915AB5 /* gum5.png */ = {isa = PBXFileReference; lastKnownFileType = image.png; path = gum5.png; sourceTree = "<group>"; };
		56BD836D152C8BB100FF4BA8 /* Box.xib */ = {isa = PBXFileReference; fileEncoding = 4; lastKnownFileType = file.xib; path = Box.xib; sourceTree = "<group>"; };
		56BD836F152C8C6600FF4BA8 /* Box.h */ = {isa = PBXFileReference; fileEncoding = 4; lastKnownFileType = sourcecode.c.h; path = Box.h; sourceTree = "<group>"; };
		56BD8370152C8C6600FF4BA8 /* Box.m */ = {isa = PBXFileReference; fileEncoding = 4; lastKnownFileType = sourcecode.c.objc; path = Box.m; sourceTree = "<group>"; };
		56C8C5471531DF2200F62F0C /* DefaultInfo.h */ = {isa = PBXFileReference; fileEncoding = 4; lastKnownFileType = sourcecode.c.h; path = DefaultInfo.h; sourceTree = "<group>"; };
		56C8C5481531DF2300F62F0C /* DefaultInfo.m */ = {isa = PBXFileReference; fileEncoding = 4; lastKnownFileType = sourcecode.c.objc; path = DefaultInfo.m; sourceTree = "<group>"; };
		8423416F1530BD7D00C3BC3E /* gum_pop_0_0.png */ = {isa = PBXFileReference; lastKnownFileType = image.png; path = gum_pop_0_0.png; sourceTree = "<group>"; };
		842341701530BD7D00C3BC3E /* gum_pop_0_1.png */ = {isa = PBXFileReference; lastKnownFileType = image.png; path = gum_pop_0_1.png; sourceTree = "<group>"; };
		842341711530BD7D00C3BC3E /* gum_pop_0_2.png */ = {isa = PBXFileReference; lastKnownFileType = image.png; path = gum_pop_0_2.png; sourceTree = "<group>"; };
		842341721530BD7D00C3BC3E /* gum_pop_0_3.png */ = {isa = PBXFileReference; lastKnownFileType = image.png; path = gum_pop_0_3.png; sourceTree = "<group>"; };
		842341731530BD7D00C3BC3E /* gum_pop_0_4.png */ = {isa = PBXFileReference; lastKnownFileType = image.png; path = gum_pop_0_4.png; sourceTree = "<group>"; };
		842341741530BD7D00C3BC3E /* gum_pop_0_5.png */ = {isa = PBXFileReference; lastKnownFileType = image.png; path = gum_pop_0_5.png; sourceTree = "<group>"; };
		842341751530BD7D00C3BC3E /* gum_pop_1_0.png */ = {isa = PBXFileReference; lastKnownFileType = image.png; path = gum_pop_1_0.png; sourceTree = "<group>"; };
		842341761530BD7D00C3BC3E /* gum_pop_1_1.png */ = {isa = PBXFileReference; lastKnownFileType = image.png; path = gum_pop_1_1.png; sourceTree = "<group>"; };
		842341771530BD7D00C3BC3E /* gum_pop_1_2.png */ = {isa = PBXFileReference; lastKnownFileType = image.png; path = gum_pop_1_2.png; sourceTree = "<group>"; };
		842341781530BD7D00C3BC3E /* gum_pop_1_3.png */ = {isa = PBXFileReference; lastKnownFileType = image.png; path = gum_pop_1_3.png; sourceTree = "<group>"; };
		842341791530BD7D00C3BC3E /* gum_pop_1_4.png */ = {isa = PBXFileReference; lastKnownFileType = image.png; path = gum_pop_1_4.png; sourceTree = "<group>"; };
		8423417A1530BD7D00C3BC3E /* gum_pop_1_5.png */ = {isa = PBXFileReference; lastKnownFileType = image.png; path = gum_pop_1_5.png; sourceTree = "<group>"; };
		8423417B1530BD7D00C3BC3E /* gum_pop_2_0.png */ = {isa = PBXFileReference; lastKnownFileType = image.png; path = gum_pop_2_0.png; sourceTree = "<group>"; };
		8423417C1530BD7D00C3BC3E /* gum_pop_2_1.png */ = {isa = PBXFileReference; lastKnownFileType = image.png; path = gum_pop_2_1.png; sourceTree = "<group>"; };
		8423417D1530BD7D00C3BC3E /* gum_pop_2_2.png */ = {isa = PBXFileReference; lastKnownFileType = image.png; path = gum_pop_2_2.png; sourceTree = "<group>"; };
		8423417E1530BD7D00C3BC3E /* gum_pop_2_3.png */ = {isa = PBXFileReference; lastKnownFileType = image.png; path = gum_pop_2_3.png; sourceTree = "<group>"; };
		8423417F1530BD7D00C3BC3E /* gum_pop_2_4.png */ = {isa = PBXFileReference; lastKnownFileType = image.png; path = gum_pop_2_4.png; sourceTree = "<group>"; };
		842341801530BD7D00C3BC3E /* gum_pop_2_5.png */ = {isa = PBXFileReference; lastKnownFileType = image.png; path = gum_pop_2_5.png; sourceTree = "<group>"; };
		842341811530BD7D00C3BC3E /* gum_pop_3_0.png */ = {isa = PBXFileReference; lastKnownFileType = image.png; path = gum_pop_3_0.png; sourceTree = "<group>"; };
		842341821530BD7D00C3BC3E /* gum_pop_3_1.png */ = {isa = PBXFileReference; lastKnownFileType = image.png; path = gum_pop_3_1.png; sourceTree = "<group>"; };
		842341831530BD7D00C3BC3E /* gum_pop_3_2.png */ = {isa = PBXFileReference; lastKnownFileType = image.png; path = gum_pop_3_2.png; sourceTree = "<group>"; };
		842341841530BD7D00C3BC3E /* gum_pop_3_3.png */ = {isa = PBXFileReference; lastKnownFileType = image.png; path = gum_pop_3_3.png; sourceTree = "<group>"; };
		842341851530BD7D00C3BC3E /* gum_pop_3_4.png */ = {isa = PBXFileReference; lastKnownFileType = image.png; path = gum_pop_3_4.png; sourceTree = "<group>"; };
		842341861530BD7D00C3BC3E /* gum_pop_3_5.png */ = {isa = PBXFileReference; lastKnownFileType = image.png; path = gum_pop_3_5.png; sourceTree = "<group>"; };
		842341871530BD7D00C3BC3E /* gum_pop_4_0.png */ = {isa = PBXFileReference; lastKnownFileType = image.png; path = gum_pop_4_0.png; sourceTree = "<group>"; };
		842341881530BD7D00C3BC3E /* gum_pop_4_1.png */ = {isa = PBXFileReference; lastKnownFileType = image.png; path = gum_pop_4_1.png; sourceTree = "<group>"; };
		842341891530BD7D00C3BC3E /* gum_pop_4_2.png */ = {isa = PBXFileReference; lastKnownFileType = image.png; path = gum_pop_4_2.png; sourceTree = "<group>"; };
		8423418A1530BD7D00C3BC3E /* gum_pop_4_3.png */ = {isa = PBXFileReference; lastKnownFileType = image.png; path = gum_pop_4_3.png; sourceTree = "<group>"; };
		8423418B1530BD7D00C3BC3E /* gum_pop_4_4.png */ = {isa = PBXFileReference; lastKnownFileType = image.png; path = gum_pop_4_4.png; sourceTree = "<group>"; };
		8423418C1530BD7D00C3BC3E /* gum_pop_4_5.png */ = {isa = PBXFileReference; lastKnownFileType = image.png; path = gum_pop_4_5.png; sourceTree = "<group>"; };
		8423418D1530BD7D00C3BC3E /* gum_pop_5_0.png */ = {isa = PBXFileReference; lastKnownFileType = image.png; path = gum_pop_5_0.png; sourceTree = "<group>"; };
		8423418E1530BD7D00C3BC3E /* gum_pop_5_1.png */ = {isa = PBXFileReference; lastKnownFileType = image.png; path = gum_pop_5_1.png; sourceTree = "<group>"; };
		8423418F1530BD7D00C3BC3E /* gum_pop_5_2.png */ = {isa = PBXFileReference; lastKnownFileType = image.png; path = gum_pop_5_2.png; sourceTree = "<group>"; };
		842341901530BD7D00C3BC3E /* gum_pop_5_3.png */ = {isa = PBXFileReference; lastKnownFileType = image.png; path = gum_pop_5_3.png; sourceTree = "<group>"; };
		842341911530BD7D00C3BC3E /* gum_pop_5_4.png */ = {isa = PBXFileReference; lastKnownFileType = image.png; path = gum_pop_5_4.png; sourceTree = "<group>"; };
		842341921530BD7D00C3BC3E /* gum_pop_5_5.png */ = {isa = PBXFileReference; lastKnownFileType = image.png; path = gum_pop_5_5.png; sourceTree = "<group>"; };
		845E8AC01526DA6D0016F910 /* AchieveManager.h */ = {isa = PBXFileReference; fileEncoding = 4; lastKnownFileType = sourcecode.c.h; path = AchieveManager.h; sourceTree = "<group>"; };
		845E8AC11526DA6D0016F910 /* AchieveManager.m */ = {isa = PBXFileReference; fileEncoding = 4; lastKnownFileType = sourcecode.c.objc; path = AchieveManager.m; sourceTree = "<group>"; };
		845E8AC21526DA6D0016F910 /* BaseViewController.h */ = {isa = PBXFileReference; fileEncoding = 4; lastKnownFileType = sourcecode.c.h; path = BaseViewController.h; sourceTree = "<group>"; };
		845E8AC31526DA6D0016F910 /* BaseViewController.m */ = {isa = PBXFileReference; fileEncoding = 4; lastKnownFileType = sourcecode.c.objc; path = BaseViewController.m; sourceTree = "<group>"; };
		845E8AC41526DA6D0016F910 /* ErrorManager.h */ = {isa = PBXFileReference; fileEncoding = 4; lastKnownFileType = sourcecode.c.h; path = ErrorManager.h; sourceTree = "<group>"; };
		845E8AC51526DA6D0016F910 /* ErrorManager.m */ = {isa = PBXFileReference; fileEncoding = 4; lastKnownFileType = sourcecode.c.objc; path = ErrorManager.m; sourceTree = "<group>"; };
		845E8AC61526DA6D0016F910 /* FileIO.h */ = {isa = PBXFileReference; fileEncoding = 4; lastKnownFileType = sourcecode.c.h; path = FileIO.h; sourceTree = "<group>"; };
		845E8AC71526DA6D0016F910 /* FileIO.m */ = {isa = PBXFileReference; fileEncoding = 4; lastKnownFileType = sourcecode.c.objc; path = FileIO.m; sourceTree = "<group>"; };
		845E8AC81526DA6D0016F910 /* GOManager.h */ = {isa = PBXFileReference; fileEncoding = 4; lastKnownFileType = sourcecode.c.h; path = GOManager.h; sourceTree = "<group>"; };
		845E8AC91526DA6D0016F910 /* GOManager.m */ = {isa = PBXFileReference; fileEncoding = 4; lastKnownFileType = sourcecode.c.objc; path = GOManager.m; sourceTree = "<group>"; };
		845E8ACA1526DA6D0016F910 /* HighScoreManager.h */ = {isa = PBXFileReference; fileEncoding = 4; lastKnownFileType = sourcecode.c.h; path = HighScoreManager.h; sourceTree = "<group>"; };
		845E8ACB1526DA6D0016F910 /* HighScoreManager.m */ = {isa = PBXFileReference; fileEncoding = 4; lastKnownFileType = sourcecode.c.objc; path = HighScoreManager.m; sourceTree = "<group>"; };
		845E8ACC1526DA6D0016F910 /* Object.h */ = {isa = PBXFileReference; fileEncoding = 4; lastKnownFileType = sourcecode.c.h; path = Object.h; sourceTree = "<group>"; };
		845E8ACD1526DA6D0016F910 /* Object.m */ = {isa = PBXFileReference; fileEncoding = 4; lastKnownFileType = sourcecode.c.objc; path = Object.m; sourceTree = "<group>"; };
		845E8ACE1526DA6D0016F910 /* PointManager.h */ = {isa = PBXFileReference; fileEncoding = 4; lastKnownFileType = sourcecode.c.h; path = PointManager.h; sourceTree = "<group>"; };
		845E8ACF1526DA6D0016F910 /* PointManager.m */ = {isa = PBXFileReference; fileEncoding = 4; lastKnownFileType = sourcecode.c.objc; path = PointManager.m; sourceTree = "<group>"; };
		845E8AD01526DA6D0016F910 /* SaveManager.h */ = {isa = PBXFileReference; fileEncoding = 4; lastKnownFileType = sourcecode.c.h; path = SaveManager.h; sourceTree = "<group>"; };
		845E8AD11526DA6D0016F910 /* SaveManager.m */ = {isa = PBXFileReference; fileEncoding = 4; lastKnownFileType = sourcecode.c.objc; path = SaveManager.m; sourceTree = "<group>"; };
		845E8AD21526DA6D0016F910 /* SoundEffect.h */ = {isa = PBXFileReference; fileEncoding = 4; lastKnownFileType = sourcecode.c.h; path = SoundEffect.h; sourceTree = "<group>"; };
		845E8AD31526DA6D0016F910 /* SoundEffect.m */ = {isa = PBXFileReference; fileEncoding = 4; lastKnownFileType = sourcecode.c.objc; path = SoundEffect.m; sourceTree = "<group>"; };
		845E8AD41526DA6D0016F910 /* SoundManager.h */ = {isa = PBXFileReference; fileEncoding = 4; lastKnownFileType = sourcecode.c.h; path = SoundManager.h; sourceTree = "<group>"; };
		845E8AD51526DA6D0016F910 /* SoundManager.m */ = {isa = PBXFileReference; fileEncoding = 4; lastKnownFileType = sourcecode.c.objc; path = SoundManager.m; sourceTree = "<group>"; };
		845E8AD81526DA6D0016F910 /* StageManager.h */ = {isa = PBXFileReference; fileEncoding = 4; lastKnownFileType = sourcecode.c.h; path = StageManager.h; sourceTree = "<group>"; };
		845E8AD91526DA6D0016F910 /* StageManager.m */ = {isa = PBXFileReference; fileEncoding = 4; lastKnownFileType = sourcecode.c.objc; path = StageManager.m; sourceTree = "<group>"; };
		845E8ADA1526DA6D0016F910 /* TexManager.h */ = {isa = PBXFileReference; fileEncoding = 4; lastKnownFileType = sourcecode.c.h; path = TexManager.h; sourceTree = "<group>"; };
		845E8ADB1526DA6D0016F910 /* TexManager.m */ = {isa = PBXFileReference; fileEncoding = 4; lastKnownFileType = sourcecode.c.objc; path = TexManager.m; sourceTree = "<group>"; };
		845E8ADC1526DA6D0016F910 /* ViewManager.h */ = {isa = PBXFileReference; fileEncoding = 4; lastKnownFileType = sourcecode.c.h; path = ViewManager.h; sourceTree = "<group>"; };
		845E8ADD1526DA6D0016F910 /* ViewManager.m */ = {isa = PBXFileReference; fileEncoding = 4; lastKnownFileType = sourcecode.c.objc; path = ViewManager.m; sourceTree = "<group>"; };
		845E8B0C1526DAD50016F910 /* AudioToolbox.framework */ = {isa = PBXFileReference; lastKnownFileType = wrapper.framework; name = AudioToolbox.framework; path = System/Library/Frameworks/AudioToolbox.framework; sourceTree = SDKROOT; };
		8467D1041526DD3B005BF6BC /* BackViewController.h */ = {isa = PBXFileReference; fileEncoding = 4; lastKnownFileType = sourcecode.c.h; path = BackViewController.h; sourceTree = "<group>"; };
		8467D1051526DD3B005BF6BC /* BackViewController.m */ = {isa = PBXFileReference; fileEncoding = 4; lastKnownFileType = sourcecode.c.objc; path = BackViewController.m; sourceTree = "<group>"; };
		8467D1061526DD3B005BF6BC /* BackViewController.xib */ = {isa = PBXFileReference; lastKnownFileType = file.xib; path = BackViewController.xib; sourceTree = "<group>"; };
		8467D1071526DD3B005BF6BC /* GameViewController.h */ = {isa = PBXFileReference; fileEncoding = 4; lastKnownFileType = sourcecode.c.h; path = GameViewController.h; sourceTree = "<group>"; };
		8467D1081526DD3B005BF6BC /* GameViewController.m */ = {isa = PBXFileReference; fileEncoding = 4; lastKnownFileType = sourcecode.c.objc; path = GameViewController.m; sourceTree = "<group>"; };
		8467D1091526DD3B005BF6BC /* GameViewController.xib */ = {isa = PBXFileReference; lastKnownFileType = file.xib; path = GameViewController.xib; sourceTree = "<group>"; };
		8467D1251526E0AE005BF6BC /* Ghost.h */ = {isa = PBXFileReference; fileEncoding = 4; lastKnownFileType = sourcecode.c.h; path = Ghost.h; sourceTree = "<group>"; };
		8467D1261526E0AE005BF6BC /* Ghost.m */ = {isa = PBXFileReference; fileEncoding = 4; lastKnownFileType = sourcecode.c.objc; path = Ghost.m; sourceTree = "<group>"; };
		8467D1271526E0AE005BF6BC /* Ghost.xib */ = {isa = PBXFileReference; lastKnownFileType = file.xib; path = Ghost.xib; sourceTree = "<group>"; };
		849A20D5152A0C45005BCE24 /* ghost0_0.png */ = {isa = PBXFileReference; lastKnownFileType = image.png; path = ghost0_0.png; sourceTree = "<group>"; };
		849A20D6152A0C45005BCE24 /* ghost0_1.png */ = {isa = PBXFileReference; lastKnownFileType = image.png; path = ghost0_1.png; sourceTree = "<group>"; };
		849A20D7152A0C45005BCE24 /* ghost0_2.png */ = {isa = PBXFileReference; lastKnownFileType = image.png; path = ghost0_2.png; sourceTree = "<group>"; };
		849A20D8152A0C45005BCE24 /* ghost0_3.png */ = {isa = PBXFileReference; lastKnownFileType = image.png; path = ghost0_3.png; sourceTree = "<group>"; };
		849A2134152A0FD6005BCE24 /* Candy.h */ = {isa = PBXFileReference; fileEncoding = 4; lastKnownFileType = sourcecode.c.h; path = Candy.h; sourceTree = "<group>"; };
		849A2135152A0FD6005BCE24 /* Candy.m */ = {isa = PBXFileReference; fileEncoding = 4; lastKnownFileType = sourcecode.c.objc; path = Candy.m; sourceTree = "<group>"; };
		849A2136152A0FD6005BCE24 /* Candy.xib */ = {isa = PBXFileReference; lastKnownFileType = file.xib; path = Candy.xib; sourceTree = "<group>"; };
		849FFB00152DF63900F089F2 /* ghost1_0.png */ = {isa = PBXFileReference; lastKnownFileType = image.png; path = ghost1_0.png; sourceTree = "<group>"; };
		849FFB01152DF63900F089F2 /* ghost1_1.png */ = {isa = PBXFileReference; lastKnownFileType = image.png; path = ghost1_1.png; sourceTree = "<group>"; };
		849FFB02152DF63900F089F2 /* ghost1_2.png */ = {isa = PBXFileReference; lastKnownFileType = image.png; path = ghost1_2.png; sourceTree = "<group>"; };
		849FFB03152DF63900F089F2 /* ghost1_3.png */ = {isa = PBXFileReference; lastKnownFileType = image.png; path = ghost1_3.png; sourceTree = "<group>"; };
		849FFB08152DF65A00F089F2 /* GhostSparta.h */ = {isa = PBXFileReference; fileEncoding = 4; lastKnownFileType = sourcecode.c.h; path = GhostSparta.h; sourceTree = "<group>"; };
		849FFB09152DF65A00F089F2 /* GhostSparta.m */ = {isa = PBXFileReference; fileEncoding = 4; lastKnownFileType = sourcecode.c.objc; path = GhostSparta.m; sourceTree = "<group>"; };
		849FFB0A152DF65A00F089F2 /* GhostSparta.xib */ = {isa = PBXFileReference; lastKnownFileType = file.xib; path = GhostSparta.xib; sourceTree = "<group>"; };
		849FFB4D152DFBAA00F089F2 /* shield.png */ = {isa = PBXFileReference; lastKnownFileType = image.png; path = shield.png; sourceTree = "<group>"; };
		84A5E7E81528464300ABB02E /* back.png */ = {isa = PBXFileReference; lastKnownFileType = image.png; path = back.png; sourceTree = "<group>"; };
		84A5E7E91528464300ABB02E /* box0.png */ = {isa = PBXFileReference; lastKnownFileType = image.png; path = box0.png; sourceTree = "<group>"; };
		84A5E7EA1528464300ABB02E /* box1.png */ = {isa = PBXFileReference; lastKnownFileType = image.png; path = box1.png; sourceTree = "<group>"; };
		84A5E7EB1528464300ABB02E /* box2.png */ = {isa = PBXFileReference; lastKnownFileType = image.png; path = box2.png; sourceTree = "<group>"; };
		84A5E7EC1528464300ABB02E /* candy0.png */ = {isa = PBXFileReference; lastKnownFileType = image.png; path = candy0.png; sourceTree = "<group>"; };
		84A5E7ED1528464300ABB02E /* candy1.png */ = {isa = PBXFileReference; lastKnownFileType = image.png; path = candy1.png; sourceTree = "<group>"; };
		84A5E7EE1528464300ABB02E /* candy2.png */ = {isa = PBXFileReference; lastKnownFileType = image.png; path = candy2.png; sourceTree = "<group>"; };
		84A5E7EF1528464300ABB02E /* candy3.png */ = {isa = PBXFileReference; lastKnownFileType = image.png; path = candy3.png; sourceTree = "<group>"; };
		84A5E7F01528464300ABB02E /* candy4.png */ = {isa = PBXFileReference; lastKnownFileType = image.png; path = candy4.png; sourceTree = "<group>"; };
		84A5E7F11528464300ABB02E /* candy5.png */ = {isa = PBXFileReference; lastKnownFileType = image.png; path = candy5.png; sourceTree = "<group>"; };
		84A5E7F21528464300ABB02E /* candy6.png */ = {isa = PBXFileReference; lastKnownFileType = image.png; path = candy6.png; sourceTree = "<group>"; };
		84A5E7FA1528464300ABB02E /* nozzle.png */ = {isa = PBXFileReference; lastKnownFileType = image.png; path = nozzle.png; sourceTree = "<group>"; };
		84B933E71530C3C000F4EAFF /* BoxGum.h */ = {isa = PBXFileReference; fileEncoding = 4; lastKnownFileType = sourcecode.c.h; path = BoxGum.h; sourceTree = "<group>"; };
		84B933E81530C3C000F4EAFF /* BoxGum.m */ = {isa = PBXFileReference; fileEncoding = 4; lastKnownFileType = sourcecode.c.objc; path = BoxGum.m; sourceTree = "<group>"; };
		84B933E91530C3C000F4EAFF /* BoxGum.xib */ = {isa = PBXFileReference; lastKnownFileType = file.xib; path = BoxGum.xib; sourceTree = "<group>"; };
		84FB65E4152E045200E164E1 /* ghost2_0.png */ = {isa = PBXFileReference; lastKnownFileType = image.png; path = ghost2_0.png; sourceTree = "<group>"; };
		84FB65E5152E045200E164E1 /* ghost2_1.png */ = {isa = PBXFileReference; lastKnownFileType = image.png; path = ghost2_1.png; sourceTree = "<group>"; };
		84FB65E6152E045200E164E1 /* ghost2_2.png */ = {isa = PBXFileReference; lastKnownFileType = image.png; path = ghost2_2.png; sourceTree = "<group>"; };
		84FB65E7152E045200E164E1 /* ghost2_3.png */ = {isa = PBXFileReference; lastKnownFileType = image.png; path = ghost2_3.png; sourceTree = "<group>"; };
		8D1107310486CEB800E47090 /* Halloween-Info.plist */ = {isa = PBXFileReference; fileEncoding = 4; lastKnownFileType = text.plist.xml; path = "Halloween-Info.plist"; plistStructureDefinitionIdentifier = "com.apple.xcode.plist.structure-definition.iphone.info-plist"; sourceTree = "<group>"; };
/* End PBXFileReference section */

/* Begin PBXFrameworksBuildPhase section */
		1D60588F0D05DD3D006BFB54 /* Frameworks */ = {
			isa = PBXFrameworksBuildPhase;
			buildActionMask = 2147483647;
			files = (
				1D60589F0D05DD5A006BFB54 /* Foundation.framework in Frameworks */,
				1DF5F4E00D08C38300B7A737 /* UIKit.framework in Frameworks */,
				288765A50DF7441C002DB57D /* CoreGraphics.framework in Frameworks */,
				845E8B0D1526DAD50016F910 /* AudioToolbox.framework in Frameworks */,
			);
			runOnlyForDeploymentPostprocessing = 0;
		};
/* End PBXFrameworksBuildPhase section */

/* Begin PBXGroup section */
		080E96DDFE201D6D7F000001 /* Classes */ = {
			isa = PBXGroup;
			children = (
				1D3623240D0F684500981E51 /* HalloweenAppDelegate.h */,
				1D3623250D0F684500981E51 /* HalloweenAppDelegate.m */,
				28D7ACF60DDB3853001CB0EB /* HalloweenViewController.h */,
				28D7ACF70DDB3853001CB0EB /* HalloweenViewController.m */,
				8467D1041526DD3B005BF6BC /* BackViewController.h */,
				8467D1051526DD3B005BF6BC /* BackViewController.m */,
				8467D1061526DD3B005BF6BC /* BackViewController.xib */,
				8467D1071526DD3B005BF6BC /* GameViewController.h */,
				8467D1081526DD3B005BF6BC /* GameViewController.m */,
				8467D1091526DD3B005BF6BC /* GameViewController.xib */,
			);
			path = Classes;
			sourceTree = "<group>";
		};
		19C28FACFE9D520D11CA2CBB /* Products */ = {
			isa = PBXGroup;
			children = (
				1D6058910D05DD3D006BFB54 /* Halloween.app */,
			);
			name = Products;
			sourceTree = "<group>";
		};
		29B97314FDCFA39411CA2CEA /* CustomTemplate */ = {
			isa = PBXGroup;
			children = (
				845E8ABF1526DA6D0016F910 /* BaseClasses */,
				080E96DDFE201D6D7F000001 /* Classes */,
				8467D1241526E0AE005BF6BC /* Object */,
				29B97315FDCFA39411CA2CEA /* Other Sources */,
				29B97317FDCFA39411CA2CEA /* Resources */,
				8467D11C1526DF40005BF6BC /* img */,
				29B97323FDCFA39411CA2CEA /* Frameworks */,
				19C28FACFE9D520D11CA2CBB /* Products */,
			);
			name = CustomTemplate;
			sourceTree = "<group>";
		};
		29B97315FDCFA39411CA2CEA /* Other Sources */ = {
			isa = PBXGroup;
			children = (
				32CA4F630368D1EE00C91783 /* Halloween_Prefix.pch */,
				29B97316FDCFA39411CA2CEA /* main.m */,
			);
			name = "Other Sources";
			sourceTree = "<group>";
		};
		29B97317FDCFA39411CA2CEA /* Resources */ = {
			isa = PBXGroup;
			children = (
				2899E5210DE3E06400AC0155 /* HalloweenViewController.xib */,
				28AD733E0D9D9553002E5188 /* MainWindow.xib */,
				8D1107310486CEB800E47090 /* Halloween-Info.plist */,
			);
			name = Resources;
			sourceTree = "<group>";
		};
		29B97323FDCFA39411CA2CEA /* Frameworks */ = {
			isa = PBXGroup;
			children = (
				1DF5F4DF0D08C38300B7A737 /* UIKit.framework */,
				1D30AB110D05D00D00671497 /* Foundation.framework */,
				288765A40DF7441C002DB57D /* CoreGraphics.framework */,
				845E8B0C1526DAD50016F910 /* AudioToolbox.framework */,
			);
			name = Frameworks;
			sourceTree = "<group>";
		};
		8423416E1530BD7D00C3BC3E /* effect */ = {
			isa = PBXGroup;
			children = (
				8423416F1530BD7D00C3BC3E /* gum_pop_0_0.png */,
				842341701530BD7D00C3BC3E /* gum_pop_0_1.png */,
				842341711530BD7D00C3BC3E /* gum_pop_0_2.png */,
				842341721530BD7D00C3BC3E /* gum_pop_0_3.png */,
				842341731530BD7D00C3BC3E /* gum_pop_0_4.png */,
				842341741530BD7D00C3BC3E /* gum_pop_0_5.png */,
				842341751530BD7D00C3BC3E /* gum_pop_1_0.png */,
				842341761530BD7D00C3BC3E /* gum_pop_1_1.png */,
				842341771530BD7D00C3BC3E /* gum_pop_1_2.png */,
				842341781530BD7D00C3BC3E /* gum_pop_1_3.png */,
				842341791530BD7D00C3BC3E /* gum_pop_1_4.png */,
				8423417A1530BD7D00C3BC3E /* gum_pop_1_5.png */,
				8423417B1530BD7D00C3BC3E /* gum_pop_2_0.png */,
				8423417C1530BD7D00C3BC3E /* gum_pop_2_1.png */,
				8423417D1530BD7D00C3BC3E /* gum_pop_2_2.png */,
				8423417E1530BD7D00C3BC3E /* gum_pop_2_3.png */,
				8423417F1530BD7D00C3BC3E /* gum_pop_2_4.png */,
				842341801530BD7D00C3BC3E /* gum_pop_2_5.png */,
				842341811530BD7D00C3BC3E /* gum_pop_3_0.png */,
				842341821530BD7D00C3BC3E /* gum_pop_3_1.png */,
				842341831530BD7D00C3BC3E /* gum_pop_3_2.png */,
				842341841530BD7D00C3BC3E /* gum_pop_3_3.png */,
				842341851530BD7D00C3BC3E /* gum_pop_3_4.png */,
				842341861530BD7D00C3BC3E /* gum_pop_3_5.png */,
				842341871530BD7D00C3BC3E /* gum_pop_4_0.png */,
				842341881530BD7D00C3BC3E /* gum_pop_4_1.png */,
				842341891530BD7D00C3BC3E /* gum_pop_4_2.png */,
				8423418A1530BD7D00C3BC3E /* gum_pop_4_3.png */,
				8423418B1530BD7D00C3BC3E /* gum_pop_4_4.png */,
				8423418C1530BD7D00C3BC3E /* gum_pop_4_5.png */,
				8423418D1530BD7D00C3BC3E /* gum_pop_5_0.png */,
				8423418E1530BD7D00C3BC3E /* gum_pop_5_1.png */,
				8423418F1530BD7D00C3BC3E /* gum_pop_5_2.png */,
				842341901530BD7D00C3BC3E /* gum_pop_5_3.png */,
				842341911530BD7D00C3BC3E /* gum_pop_5_4.png */,
				842341921530BD7D00C3BC3E /* gum_pop_5_5.png */,
			);
			path = effect;
			sourceTree = "<group>";
		};
		845E8ABF1526DA6D0016F910 /* BaseClasses */ = {
			isa = PBXGroup;
			children = (
				845E8AC01526DA6D0016F910 /* AchieveManager.h */,
				845E8AC11526DA6D0016F910 /* AchieveManager.m */,
				845E8AC21526DA6D0016F910 /* BaseViewController.h */,
				845E8AC31526DA6D0016F910 /* BaseViewController.m */,
				845E8AC41526DA6D0016F910 /* ErrorManager.h */,
				845E8AC51526DA6D0016F910 /* ErrorManager.m */,
				845E8AC61526DA6D0016F910 /* FileIO.h */,
				845E8AC71526DA6D0016F910 /* FileIO.m */,
				845E8AC81526DA6D0016F910 /* GOManager.h */,
				845E8AC91526DA6D0016F910 /* GOManager.m */,
				845E8ACA1526DA6D0016F910 /* HighScoreManager.h */,
				845E8ACB1526DA6D0016F910 /* HighScoreManager.m */,
				845E8ACC1526DA6D0016F910 /* Object.h */,
				845E8ACD1526DA6D0016F910 /* Object.m */,
				845E8ACE1526DA6D0016F910 /* PointManager.h */,
				845E8ACF1526DA6D0016F910 /* PointManager.m */,
				845E8AD01526DA6D0016F910 /* SaveManager.h */,
				845E8AD11526DA6D0016F910 /* SaveManager.m */,
				845E8AD21526DA6D0016F910 /* SoundEffect.h */,
				845E8AD31526DA6D0016F910 /* SoundEffect.m */,
				845E8AD41526DA6D0016F910 /* SoundManager.h */,
				845E8AD51526DA6D0016F910 /* SoundManager.m */,
				845E8AD81526DA6D0016F910 /* StageManager.h */,
				845E8AD91526DA6D0016F910 /* StageManager.m */,
				845E8ADA1526DA6D0016F910 /* TexManager.h */,
				845E8ADB1526DA6D0016F910 /* TexManager.m */,
				845E8ADC1526DA6D0016F910 /* ViewManager.h */,
				845E8ADD1526DA6D0016F910 /* ViewManager.m */,
			);
			path = BaseClasses;
			sourceTree = "<group>";
		};
		8467D11C1526DF40005BF6BC /* img */ = {
			isa = PBXGroup;
			children = (
				8423416E1530BD7D00C3BC3E /* effect */,
				849A20D5152A0C45005BCE24 /* ghost0_0.png */,
				849A20D6152A0C45005BCE24 /* ghost0_1.png */,
				849A20D7152A0C45005BCE24 /* ghost0_2.png */,
				849A20D8152A0C45005BCE24 /* ghost0_3.png */,
				849FFB00152DF63900F089F2 /* ghost1_0.png */,
				849FFB01152DF63900F089F2 /* ghost1_1.png */,
				849FFB02152DF63900F089F2 /* ghost1_2.png */,
				849FFB03152DF63900F089F2 /* ghost1_3.png */,
				84FB65E4152E045200E164E1 /* ghost2_0.png */,
				84FB65E5152E045200E164E1 /* ghost2_1.png */,
				84FB65E6152E045200E164E1 /* ghost2_2.png */,
				84FB65E7152E045200E164E1 /* ghost2_3.png */,
				849FFB4D152DFBAA00F089F2 /* shield.png */,
				84A5E7E81528464300ABB02E /* back.png */,
				84A5E7E91528464300ABB02E /* box0.png */,
				84A5E7EA1528464300ABB02E /* box1.png */,
				84A5E7EB1528464300ABB02E /* box2.png */,
				84A5E7EC1528464300ABB02E /* candy0.png */,
				84A5E7ED1528464300ABB02E /* candy1.png */,
				84A5E7EE1528464300ABB02E /* candy2.png */,
				84A5E7EF1528464300ABB02E /* candy3.png */,
				84A5E7F01528464300ABB02E /* candy4.png */,
				84A5E7F11528464300ABB02E /* candy5.png */,
				84A5E7F21528464300ABB02E /* candy6.png */,
				84A5E7FA1528464300ABB02E /* nozzle.png */,
				5617C2B81531E8B600915AB5 /* gum0.png */,
				5617C2B91531E8B600915AB5 /* gum1.png */,
				5617C2BA1531E8B600915AB5 /* gum2.png */,
				5617C2BB1531E8B600915AB5 /* gum3.png */,
				5617C2BC1531E8B600915AB5 /* gum4.png */,
				5617C2BD1531E8B600915AB5 /* gum5.png */,
			);
			path = img;
			sourceTree = "<group>";
		};
		8467D1241526E0AE005BF6BC /* Object */ = {
			isa = PBXGroup;
			children = (
				8467D1251526E0AE005BF6BC /* Ghost.h */,
				8467D1261526E0AE005BF6BC /* Ghost.m */,
				8467D1271526E0AE005BF6BC /* Ghost.xib */,
				849FFB08152DF65A00F089F2 /* GhostSparta.h */,
				849FFB09152DF65A00F089F2 /* GhostSparta.m */,
				849FFB0A152DF65A00F089F2 /* GhostSparta.xib */,
				849A2134152A0FD6005BCE24 /* Candy.h */,
				849A2135152A0FD6005BCE24 /* Candy.m */,
				849A2136152A0FD6005BCE24 /* Candy.xib */,
				56BD836F152C8C6600FF4BA8 /* Box.h */,
				56BD8370152C8C6600FF4BA8 /* Box.m */,
				56BD836D152C8BB100FF4BA8 /* Box.xib */,
				84B933E71530C3C000F4EAFF /* BoxGum.h */,
				84B933E81530C3C000F4EAFF /* BoxGum.m */,
				84B933E91530C3C000F4EAFF /* BoxGum.xib */,
				56C8C5471531DF2200F62F0C /* DefaultInfo.h */,
				56C8C5481531DF2300F62F0C /* DefaultInfo.m */,
			);
			path = Object;
			sourceTree = "<group>";
		};
/* End PBXGroup section */

/* Begin PBXNativeTarget section */
		1D6058900D05DD3D006BFB54 /* Halloween */ = {
			isa = PBXNativeTarget;
			buildConfigurationList = 1D6058960D05DD3E006BFB54 /* Build configuration list for PBXNativeTarget "Halloween" */;
			buildPhases = (
				1D60588D0D05DD3D006BFB54 /* Resources */,
				1D60588E0D05DD3D006BFB54 /* Sources */,
				1D60588F0D05DD3D006BFB54 /* Frameworks */,
			);
			buildRules = (
			);
			dependencies = (
			);
			name = Halloween;
			productName = Halloween;
			productReference = 1D6058910D05DD3D006BFB54 /* Halloween.app */;
			productType = "com.apple.product-type.application";
		};
/* End PBXNativeTarget section */

/* Begin PBXProject section */
		29B97313FDCFA39411CA2CEA /* Project object */ = {
			isa = PBXProject;
			buildConfigurationList = C01FCF4E08A954540054247B /* Build configuration list for PBXProject "Halloween" */;
			compatibilityVersion = "Xcode 3.1";
			developmentRegion = English;
			hasScannedForEncodings = 1;
			knownRegions = (
				English,
				Japanese,
				French,
				German,
			);
			mainGroup = 29B97314FDCFA39411CA2CEA /* CustomTemplate */;
			projectDirPath = "";
			projectRoot = "";
			targets = (
				1D6058900D05DD3D006BFB54 /* Halloween */,
			);
		};
/* End PBXProject section */

/* Begin PBXResourcesBuildPhase section */
		1D60588D0D05DD3D006BFB54 /* Resources */ = {
			isa = PBXResourcesBuildPhase;
			buildActionMask = 2147483647;
			files = (
				28AD733F0D9D9553002E5188 /* MainWindow.xib in Resources */,
				2899E5220DE3E06400AC0155 /* HalloweenViewController.xib in Resources */,
				8467D10B1526DD3B005BF6BC /* BackViewController.xib in Resources */,
				8467D10D1526DD3B005BF6BC /* GameViewController.xib in Resources */,
				8467D1291526E0AE005BF6BC /* Ghost.xib in Resources */,
				84A5E7FB1528464300ABB02E /* back.png in Resources */,
				84A5E7FC1528464300ABB02E /* box0.png in Resources */,
				84A5E7FD1528464300ABB02E /* box1.png in Resources */,
				84A5E7FE1528464300ABB02E /* box2.png in Resources */,
				84A5E7FF1528464300ABB02E /* candy0.png in Resources */,
				84A5E8001528464300ABB02E /* candy1.png in Resources */,
				84A5E8011528464300ABB02E /* candy2.png in Resources */,
				84A5E8021528464300ABB02E /* candy3.png in Resources */,
				84A5E8031528464300ABB02E /* candy4.png in Resources */,
				84A5E8041528464300ABB02E /* candy5.png in Resources */,
				84A5E8051528464300ABB02E /* candy6.png in Resources */,
				84A5E80D1528464300ABB02E /* nozzle.png in Resources */,
				849A20D9152A0C45005BCE24 /* ghost0_0.png in Resources */,
				849A20DA152A0C45005BCE24 /* ghost0_1.png in Resources */,
				849A20DB152A0C45005BCE24 /* ghost0_2.png in Resources */,
				849A20DC152A0C45005BCE24 /* ghost0_3.png in Resources */,
				849A2138152A0FD6005BCE24 /* Candy.xib in Resources */,
				56BD836E152C8BB100FF4BA8 /* Box.xib in Resources */,
				849FFB04152DF63900F089F2 /* ghost1_0.png in Resources */,
				849FFB05152DF63900F089F2 /* ghost1_1.png in Resources */,
				849FFB06152DF63900F089F2 /* ghost1_2.png in Resources */,
				849FFB07152DF63900F089F2 /* ghost1_3.png in Resources */,
				849FFB0C152DF65A00F089F2 /* GhostSparta.xib in Resources */,
				849FFB4E152DFBAA00F089F2 /* shield.png in Resources */,
				84FB65E8152E045200E164E1 /* ghost2_0.png in Resources */,
				84FB65E9152E045200E164E1 /* ghost2_1.png in Resources */,
				84FB65EA152E045200E164E1 /* ghost2_2.png in Resources */,
				84FB65EB152E045200E164E1 /* ghost2_3.png in Resources */,
				842341931530BD7D00C3BC3E /* gum_pop_0_0.png in Resources */,
				842341941530BD7D00C3BC3E /* gum_pop_0_1.png in Resources */,
				842341951530BD7D00C3BC3E /* gum_pop_0_2.png in Resources */,
				842341961530BD7D00C3BC3E /* gum_pop_0_3.png in Resources */,
				842341971530BD7D00C3BC3E /* gum_pop_0_4.png in Resources */,
				842341981530BD7D00C3BC3E /* gum_pop_0_5.png in Resources */,
				842341991530BD7D00C3BC3E /* gum_pop_1_0.png in Resources */,
				8423419A1530BD7D00C3BC3E /* gum_pop_1_1.png in Resources */,
				8423419B1530BD7D00C3BC3E /* gum_pop_1_2.png in Resources */,
				8423419C1530BD7D00C3BC3E /* gum_pop_1_3.png in Resources */,
				8423419D1530BD7D00C3BC3E /* gum_pop_1_4.png in Resources */,
				8423419E1530BD7D00C3BC3E /* gum_pop_1_5.png in Resources */,
				8423419F1530BD7D00C3BC3E /* gum_pop_2_0.png in Resources */,
				842341A01530BD7D00C3BC3E /* gum_pop_2_1.png in Resources */,
				842341A11530BD7D00C3BC3E /* gum_pop_2_2.png in Resources */,
				842341A21530BD7D00C3BC3E /* gum_pop_2_3.png in Resources */,
				842341A31530BD7D00C3BC3E /* gum_pop_2_4.png in Resources */,
				842341A41530BD7D00C3BC3E /* gum_pop_2_5.png in Resources */,
				842341A51530BD7D00C3BC3E /* gum_pop_3_0.png in Resources */,
				842341A61530BD7D00C3BC3E /* gum_pop_3_1.png in Resources */,
				842341A71530BD7D00C3BC3E /* gum_pop_3_2.png in Resources */,
				842341A81530BD7D00C3BC3E /* gum_pop_3_3.png in Resources */,
				842341A91530BD7D00C3BC3E /* gum_pop_3_4.png in Resources */,
				842341AA1530BD7D00C3BC3E /* gum_pop_3_5.png in Resources */,
				842341AB1530BD7D00C3BC3E /* gum_pop_4_0.png in Resources */,
				842341AC1530BD7D00C3BC3E /* gum_pop_4_1.png in Resources */,
				842341AD1530BD7D00C3BC3E /* gum_pop_4_2.png in Resources */,
				842341AE1530BD7D00C3BC3E /* gum_pop_4_3.png in Resources */,
				842341AF1530BD7D00C3BC3E /* gum_pop_4_4.png in Resources */,
				842341B01530BD7D00C3BC3E /* gum_pop_4_5.png in Resources */,
				842341B11530BD7D00C3BC3E /* gum_pop_5_0.png in Resources */,
				842341B21530BD7D00C3BC3E /* gum_pop_5_1.png in Resources */,
				842341B31530BD7D00C3BC3E /* gum_pop_5_2.png in Resources */,
				842341B41530BD7D00C3BC3E /* gum_pop_5_3.png in Resources */,
				842341B51530BD7D00C3BC3E /* gum_pop_5_4.png in Resources */,
				842341B61530BD7D00C3BC3E /* gum_pop_5_5.png in Resources */,
				84B933EB1530C3C000F4EAFF /* BoxGum.xib in Resources */,
				5617C2BE1531E8B600915AB5 /* gum0.png in Resources */,
				5617C2BF1531E8B600915AB5 /* gum1.png in Resources */,
				5617C2C01531E8B600915AB5 /* gum2.png in Resources */,
				5617C2C11531E8B600915AB5 /* gum3.png in Resources */,
				5617C2C21531E8B600915AB5 /* gum4.png in Resources */,
				5617C2C31531E8B600915AB5 /* gum5.png in Resources */,
			);
			runOnlyForDeploymentPostprocessing = 0;
		};
/* End PBXResourcesBuildPhase section */

/* Begin PBXSourcesBuildPhase section */
		1D60588E0D05DD3D006BFB54 /* Sources */ = {
			isa = PBXSourcesBuildPhase;
			buildActionMask = 2147483647;
			files = (
				1D60589B0D05DD56006BFB54 /* main.m in Sources */,
				1D3623260D0F684500981E51 /* HalloweenAppDelegate.m in Sources */,
				28D7ACF80DDB3853001CB0EB /* HalloweenViewController.m in Sources */,
				845E8ADE1526DA6D0016F910 /* AchieveManager.m in Sources */,
				845E8ADF1526DA6D0016F910 /* BaseViewController.m in Sources */,
				845E8AE01526DA6D0016F910 /* ErrorManager.m in Sources */,
				845E8AE11526DA6D0016F910 /* FileIO.m in Sources */,
				845E8AE21526DA6D0016F910 /* GOManager.m in Sources */,
				845E8AE31526DA6D0016F910 /* HighScoreManager.m in Sources */,
				845E8AE41526DA6D0016F910 /* Object.m in Sources */,
				845E8AE51526DA6D0016F910 /* PointManager.m in Sources */,
				845E8AE61526DA6D0016F910 /* SaveManager.m in Sources */,
				845E8AE71526DA6D0016F910 /* SoundEffect.m in Sources */,
				845E8AE81526DA6D0016F910 /* SoundManager.m in Sources */,
				845E8AEA1526DA6D0016F910 /* StageManager.m in Sources */,
				845E8AEB1526DA6D0016F910 /* TexManager.m in Sources */,
				845E8AEC1526DA6D0016F910 /* ViewManager.m in Sources */,
				8467D10A1526DD3B005BF6BC /* BackViewController.m in Sources */,
				8467D10C1526DD3B005BF6BC /* GameViewController.m in Sources */,
				8467D1281526E0AE005BF6BC /* Ghost.m in Sources */,
				849A2137152A0FD6005BCE24 /* Candy.m in Sources */,
				56BD8371152C8C6600FF4BA8 /* Box.m in Sources */,
				849FFB0B152DF65A00F089F2 /* GhostSparta.m in Sources */,
				84B933EA1530C3C000F4EAFF /* BoxGum.m in Sources */,
				56C8C5491531DF2400F62F0C /* DefaultInfo.m in Sources */,
			);
			runOnlyForDeploymentPostprocessing = 0;
		};
/* End PBXSourcesBuildPhase section */

/* Begin XCBuildConfiguration section */
		1D6058940D05DD3E006BFB54 /* Debug */ = {
			isa = XCBuildConfiguration;
			buildSettings = {
				ALWAYS_SEARCH_USER_PATHS = NO;
				COPY_PHASE_STRIP = NO;
				GCC_DYNAMIC_NO_PIC = NO;
				GCC_OPTIMIZATION_LEVEL = 0;
				GCC_PRECOMPILE_PREFIX_HEADER = YES;
				GCC_PREFIX_HEADER = Halloween_Prefix.pch;
				INFOPLIST_FILE = "Halloween-Info.plist";
				PRODUCT_NAME = Halloween;
			};
			name = Debug;
		};
		1D6058950D05DD3E006BFB54 /* Release */ = {
			isa = XCBuildConfiguration;
			buildSettings = {
				ALWAYS_SEARCH_USER_PATHS = NO;
				COPY_PHASE_STRIP = YES;
				GCC_PRECOMPILE_PREFIX_HEADER = YES;
				GCC_PREFIX_HEADER = Halloween_Prefix.pch;
				INFOPLIST_FILE = "Halloween-Info.plist";
				PRODUCT_NAME = Halloween;
				VALIDATE_PRODUCT = YES;
			};
			name = Release;
		};
		C01FCF4F08A954540054247B /* Debug */ = {
			isa = XCBuildConfiguration;
			buildSettings = {
				ARCHS = "$(ARCHS_STANDARD_32_BIT)";
				"CODE_SIGN_IDENTITY[sdk=iphoneos*]" = "iPhone Developer";
				GCC_C_LANGUAGE_STANDARD = c99;
				GCC_WARN_ABOUT_RETURN_TYPE = YES;
				GCC_WARN_UNUSED_VARIABLE = YES;
				PREBINDING = NO;
				SDKROOT = iphoneos;
			};
			name = Debug;
		};
		C01FCF5008A954540054247B /* Release */ = {
			isa = XCBuildConfiguration;
			buildSettings = {
				ARCHS = "$(ARCHS_STANDARD_32_BIT)";
				"CODE_SIGN_IDENTITY[sdk=iphoneos*]" = "iPhone Developer";
				GCC_C_LANGUAGE_STANDARD = c99;
				GCC_WARN_ABOUT_RETURN_TYPE = YES;
				GCC_WARN_UNUSED_VARIABLE = YES;
				OTHER_CFLAGS = "-DNS_BLOCK_ASSERTIONS=1";
				PREBINDING = NO;
				SDKROOT = iphoneos;
			};
			name = Release;
		};
/* End XCBuildConfiguration section */

/* Begin XCConfigurationList section */
		1D6058960D05DD3E006BFB54 /* Build configuration list for PBXNativeTarget "Halloween" */ = {
			isa = XCConfigurationList;
			buildConfigurations = (
				1D6058940D05DD3E006BFB54 /* Debug */,
				1D6058950D05DD3E006BFB54 /* Release */,
			);
			defaultConfigurationIsVisible = 0;
			defaultConfigurationName = Release;
		};
		C01FCF4E08A954540054247B /* Build configuration list for PBXProject "Halloween" */ = {
			isa = XCConfigurationList;
			buildConfigurations = (
				C01FCF4F08A954540054247B /* Debug */,
				C01FCF5008A954540054247B /* Release */,
			);
			defaultConfigurationIsVisible = 0;
			defaultConfigurationName = Release;
		};
/* End XCConfigurationList section */
	};
	rootObject = 29B97313FDCFA39411CA2CEA /* Project object */;
}
